// !$*UTF8*$!
{
	archiveVersion = 1;
	classes = {
	};
	objectVersion = 48;
	objects = {

/* Begin PBXBuildFile section */
		5CF85D6B142E34BFD9409BD2 /* libPods-WVRInteractor.a in Frameworks */ = {isa = PBXBuildFile; fileRef = 5138ABE693F188F0D60B50F7 /* libPods-WVRInteractor.a */; };
		A1B5389F1F5D2AC5007029E9 /* AppDelegate.m in Sources */ = {isa = PBXBuildFile; fileRef = A1B5389E1F5D2AC5007029E9 /* AppDelegate.m */; };
		A1B538A21F5D2AC5007029E9 /* ViewController.m in Sources */ = {isa = PBXBuildFile; fileRef = A1B538A11F5D2AC5007029E9 /* ViewController.m */; };
		A1B538A51F5D2AC5007029E9 /* Main.storyboard in Resources */ = {isa = PBXBuildFile; fileRef = A1B538A31F5D2AC5007029E9 /* Main.storyboard */; };
		A1B538A71F5D2AC5007029E9 /* Assets.xcassets in Resources */ = {isa = PBXBuildFile; fileRef = A1B538A61F5D2AC5007029E9 /* Assets.xcassets */; };
		A1B538AA1F5D2AC5007029E9 /* LaunchScreen.storyboard in Resources */ = {isa = PBXBuildFile; fileRef = A1B538A81F5D2AC5007029E9 /* LaunchScreen.storyboard */; };
		A1B538AD1F5D2AC5007029E9 /* main.m in Sources */ = {isa = PBXBuildFile; fileRef = A1B538AC1F5D2AC5007029E9 /* main.m */; };
		A1B538B71F5D2AC5007029E9 /* WVRInteractorTests.m in Sources */ = {isa = PBXBuildFile; fileRef = A1B538B61F5D2AC5007029E9 /* WVRInteractorTests.m */; };
		A1B538C21F5D2AC5007029E9 /* WVRInteractorUITests.m in Sources */ = {isa = PBXBuildFile; fileRef = A1B538C11F5D2AC5007029E9 /* WVRInteractorUITests.m */; };
		A1B538D31F5D2B6A007029E9 /* WVRUseCase.m in Sources */ = {isa = PBXBuildFile; fileRef = A1B538D11F5D2B6A007029E9 /* WVRUseCase.m */; };
/* End PBXBuildFile section */

/* Begin PBXContainerItemProxy section */
		A1B538B31F5D2AC5007029E9 /* PBXContainerItemProxy */ = {
			isa = PBXContainerItemProxy;
			containerPortal = A1B538921F5D2AC5007029E9 /* Project object */;
			proxyType = 1;
			remoteGlobalIDString = A1B538991F5D2AC5007029E9;
			remoteInfo = WVRInteractor;
		};
		A1B538BE1F5D2AC5007029E9 /* PBXContainerItemProxy */ = {
			isa = PBXContainerItemProxy;
			containerPortal = A1B538921F5D2AC5007029E9 /* Project object */;
			proxyType = 1;
			remoteGlobalIDString = A1B538991F5D2AC5007029E9;
			remoteInfo = WVRInteractor;
		};
/* End PBXContainerItemProxy section */

/* Begin PBXFileReference section */
		5138ABE693F188F0D60B50F7 /* libPods-WVRInteractor.a */ = {isa = PBXFileReference; explicitFileType = archive.ar; includeInIndex = 0; path = "libPods-WVRInteractor.a"; sourceTree = BUILT_PRODUCTS_DIR; };
		9D93CA02939303F4CA17E1AA /* Pods-WVRInteractor.release.xcconfig */ = {isa = PBXFileReference; includeInIndex = 1; lastKnownFileType = text.xcconfig; name = "Pods-WVRInteractor.release.xcconfig"; path = "Pods/Target Support Files/Pods-WVRInteractor/Pods-WVRInteractor.release.xcconfig"; sourceTree = "<group>"; };
		A1B5389A1F5D2AC5007029E9 /* WVRInteractor.app */ = {isa = PBXFileReference; explicitFileType = wrapper.application; includeInIndex = 0; path = WVRInteractor.app; sourceTree = BUILT_PRODUCTS_DIR; };
		A1B5389D1F5D2AC5007029E9 /* AppDelegate.h */ = {isa = PBXFileReference; lastKnownFileType = sourcecode.c.h; path = AppDelegate.h; sourceTree = "<group>"; };
		A1B5389E1F5D2AC5007029E9 /* AppDelegate.m */ = {isa = PBXFileReference; lastKnownFileType = sourcecode.c.objc; path = AppDelegate.m; sourceTree = "<group>"; };
		A1B538A01F5D2AC5007029E9 /* ViewController.h */ = {isa = PBXFileReference; lastKnownFileType = sourcecode.c.h; path = ViewController.h; sourceTree = "<group>"; };
		A1B538A11F5D2AC5007029E9 /* ViewController.m */ = {isa = PBXFileReference; lastKnownFileType = sourcecode.c.objc; path = ViewController.m; sourceTree = "<group>"; };
		A1B538A41F5D2AC5007029E9 /* Base */ = {isa = PBXFileReference; lastKnownFileType = file.storyboard; name = Base; path = Base.lproj/Main.storyboard; sourceTree = "<group>"; };
		A1B538A61F5D2AC5007029E9 /* Assets.xcassets */ = {isa = PBXFileReference; lastKnownFileType = folder.assetcatalog; path = Assets.xcassets; sourceTree = "<group>"; };
		A1B538A91F5D2AC5007029E9 /* Base */ = {isa = PBXFileReference; lastKnownFileType = file.storyboard; name = Base; path = Base.lproj/LaunchScreen.storyboard; sourceTree = "<group>"; };
		A1B538AB1F5D2AC5007029E9 /* Info.plist */ = {isa = PBXFileReference; lastKnownFileType = text.plist.xml; path = Info.plist; sourceTree = "<group>"; };
		A1B538AC1F5D2AC5007029E9 /* main.m */ = {isa = PBXFileReference; lastKnownFileType = sourcecode.c.objc; path = main.m; sourceTree = "<group>"; };
		A1B538B21F5D2AC5007029E9 /* WVRInteractorTests.xctest */ = {isa = PBXFileReference; explicitFileType = wrapper.cfbundle; includeInIndex = 0; path = WVRInteractorTests.xctest; sourceTree = BUILT_PRODUCTS_DIR; };
		A1B538B61F5D2AC5007029E9 /* WVRInteractorTests.m */ = {isa = PBXFileReference; lastKnownFileType = sourcecode.c.objc; path = WVRInteractorTests.m; sourceTree = "<group>"; };
		A1B538B81F5D2AC5007029E9 /* Info.plist */ = {isa = PBXFileReference; lastKnownFileType = text.plist.xml; path = Info.plist; sourceTree = "<group>"; };
		A1B538BD1F5D2AC5007029E9 /* WVRInteractorUITests.xctest */ = {isa = PBXFileReference; explicitFileType = wrapper.cfbundle; includeInIndex = 0; path = WVRInteractorUITests.xctest; sourceTree = BUILT_PRODUCTS_DIR; };
		A1B538C11F5D2AC5007029E9 /* WVRInteractorUITests.m */ = {isa = PBXFileReference; lastKnownFileType = sourcecode.c.objc; path = WVRInteractorUITests.m; sourceTree = "<group>"; };
		A1B538C31F5D2AC5007029E9 /* Info.plist */ = {isa = PBXFileReference; lastKnownFileType = text.plist.xml; path = Info.plist; sourceTree = "<group>"; };
		A1B538D01F5D2B6A007029E9 /* WVRUseCase.h */ = {isa = PBXFileReference; fileEncoding = 4; lastKnownFileType = sourcecode.c.h; path = WVRUseCase.h; sourceTree = "<group>"; };
		A1B538D11F5D2B6A007029E9 /* WVRUseCase.m */ = {isa = PBXFileReference; fileEncoding = 4; lastKnownFileType = sourcecode.c.objc; path = WVRUseCase.m; sourceTree = "<group>"; };
		A1B538D21F5D2B6A007029E9 /* WVRUseCaseProtocol.h */ = {isa = PBXFileReference; fileEncoding = 4; lastKnownFileType = sourcecode.c.h; path = WVRUseCaseProtocol.h; sourceTree = "<group>"; };
		F9DAD00A531DBE817449CABA /* Pods-WVRInteractor.debug.xcconfig */ = {isa = PBXFileReference; includeInIndex = 1; lastKnownFileType = text.xcconfig; name = "Pods-WVRInteractor.debug.xcconfig"; path = "Pods/Target Support Files/Pods-WVRInteractor/Pods-WVRInteractor.debug.xcconfig"; sourceTree = "<group>"; };
/* End PBXFileReference section */

/* Begin PBXFrameworksBuildPhase section */
		A1B538971F5D2AC5007029E9 /* Frameworks */ = {
			isa = PBXFrameworksBuildPhase;
			buildActionMask = 2147483647;
			files = (
				5CF85D6B142E34BFD9409BD2 /* libPods-WVRInteractor.a in Frameworks */,
			);
			runOnlyForDeploymentPostprocessing = 0;
		};
		A1B538AF1F5D2AC5007029E9 /* Frameworks */ = {
			isa = PBXFrameworksBuildPhase;
			buildActionMask = 2147483647;
			files = (
			);
			runOnlyForDeploymentPostprocessing = 0;
		};
		A1B538BA1F5D2AC5007029E9 /* Frameworks */ = {
			isa = PBXFrameworksBuildPhase;
			buildActionMask = 2147483647;
			files = (
			);
			runOnlyForDeploymentPostprocessing = 0;
		};
/* End PBXFrameworksBuildPhase section */

/* Begin PBXGroup section */
		97ECE74C9CE7F20527F861F8 /* Frameworks */ = {
			isa = PBXGroup;
			children = (
				5138ABE693F188F0D60B50F7 /* libPods-WVRInteractor.a */,
			);
			name = Frameworks;
			sourceTree = "<group>";
		};
		A1B538911F5D2AC5007029E9 = {
			isa = PBXGroup;
			children = (
				A1B5389C1F5D2AC5007029E9 /* WVRInteractor */,
				A1B538B51F5D2AC5007029E9 /* WVRInteractorTests */,
				A1B538C01F5D2AC5007029E9 /* WVRInteractorUITests */,
				A1B5389B1F5D2AC5007029E9 /* Products */,
				EA05E962EB0EE73CA5494BCB /* Pods */,
				97ECE74C9CE7F20527F861F8 /* Frameworks */,
			);
			sourceTree = "<group>";
		};
		A1B5389B1F5D2AC5007029E9 /* Products */ = {
			isa = PBXGroup;
			children = (
				A1B5389A1F5D2AC5007029E9 /* WVRInteractor.app */,
				A1B538B21F5D2AC5007029E9 /* WVRInteractorTests.xctest */,
				A1B538BD1F5D2AC5007029E9 /* WVRInteractorUITests.xctest */,
			);
			name = Products;
			sourceTree = "<group>";
		};
		A1B5389C1F5D2AC5007029E9 /* WVRInteractor */ = {
			isa = PBXGroup;
			children = (
				A1B538CF1F5D2B6A007029E9 /* Core */,
				A1B5389D1F5D2AC5007029E9 /* AppDelegate.h */,
				A1B5389E1F5D2AC5007029E9 /* AppDelegate.m */,
				A1B538A01F5D2AC5007029E9 /* ViewController.h */,
				A1B538A11F5D2AC5007029E9 /* ViewController.m */,
				A1B538A31F5D2AC5007029E9 /* Main.storyboard */,
				A1B538A61F5D2AC5007029E9 /* Assets.xcassets */,
				A1B538A81F5D2AC5007029E9 /* LaunchScreen.storyboard */,
				A1B538AB1F5D2AC5007029E9 /* Info.plist */,
				A1B538AC1F5D2AC5007029E9 /* main.m */,
			);
			path = WVRInteractor;
			sourceTree = "<group>";
		};
		A1B538B51F5D2AC5007029E9 /* WVRInteractorTests */ = {
			isa = PBXGroup;
			children = (
				A1B538B61F5D2AC5007029E9 /* WVRInteractorTests.m */,
				A1B538B81F5D2AC5007029E9 /* Info.plist */,
			);
			path = WVRInteractorTests;
			sourceTree = "<group>";
		};
		A1B538C01F5D2AC5007029E9 /* WVRInteractorUITests */ = {
			isa = PBXGroup;
			children = (
				A1B538C11F5D2AC5007029E9 /* WVRInteractorUITests.m */,
				A1B538C31F5D2AC5007029E9 /* Info.plist */,
			);
			path = WVRInteractorUITests;
			sourceTree = "<group>";
		};
		A1B538CF1F5D2B6A007029E9 /* Core */ = {
			isa = PBXGroup;
			children = (
				A1B538D01F5D2B6A007029E9 /* WVRUseCase.h */,
				A1B538D11F5D2B6A007029E9 /* WVRUseCase.m */,
				A1B538D21F5D2B6A007029E9 /* WVRUseCaseProtocol.h */,
			);
			path = Core;
			sourceTree = "<group>";
		};
		EA05E962EB0EE73CA5494BCB /* Pods */ = {
			isa = PBXGroup;
			children = (
				F9DAD00A531DBE817449CABA /* Pods-WVRInteractor.debug.xcconfig */,
				9D93CA02939303F4CA17E1AA /* Pods-WVRInteractor.release.xcconfig */,
			);
			name = Pods;
			sourceTree = "<group>";
		};
/* End PBXGroup section */

/* Begin PBXNativeTarget section */
		A1B538991F5D2AC5007029E9 /* WVRInteractor */ = {
			isa = PBXNativeTarget;
			buildConfigurationList = A1B538C61F5D2AC5007029E9 /* Build configuration list for PBXNativeTarget "WVRInteractor" */;
			buildPhases = (
				8A2F33B7903496017A061749 /* [CP] Check Pods Manifest.lock */,
				A1B538961F5D2AC5007029E9 /* Sources */,
				A1B538971F5D2AC5007029E9 /* Frameworks */,
				A1B538981F5D2AC5007029E9 /* Resources */,
				7611004280DDDD236E4E240E /* [CP] Embed Pods Frameworks */,
				71D850646CA5CC9CAE176226 /* [CP] Copy Pods Resources */,
			);
			buildRules = (
			);
			dependencies = (
			);
			name = WVRInteractor;
			productName = WVRInteractor;
			productReference = A1B5389A1F5D2AC5007029E9 /* WVRInteractor.app */;
			productType = "com.apple.product-type.application";
		};
		A1B538B11F5D2AC5007029E9 /* WVRInteractorTests */ = {
			isa = PBXNativeTarget;
			buildConfigurationList = A1B538C91F5D2AC5007029E9 /* Build configuration list for PBXNativeTarget "WVRInteractorTests" */;
			buildPhases = (
				A1B538AE1F5D2AC5007029E9 /* Sources */,
				A1B538AF1F5D2AC5007029E9 /* Frameworks */,
				A1B538B01F5D2AC5007029E9 /* Resources */,
			);
			buildRules = (
			);
			dependencies = (
				A1B538B41F5D2AC5007029E9 /* PBXTargetDependency */,
			);
			name = WVRInteractorTests;
			productName = WVRInteractorTests;
			productReference = A1B538B21F5D2AC5007029E9 /* WVRInteractorTests.xctest */;
			productType = "com.apple.product-type.bundle.unit-test";
		};
		A1B538BC1F5D2AC5007029E9 /* WVRInteractorUITests */ = {
			isa = PBXNativeTarget;
			buildConfigurationList = A1B538CC1F5D2AC5007029E9 /* Build configuration list for PBXNativeTarget "WVRInteractorUITests" */;
			buildPhases = (
				A1B538B91F5D2AC5007029E9 /* Sources */,
				A1B538BA1F5D2AC5007029E9 /* Frameworks */,
				A1B538BB1F5D2AC5007029E9 /* Resources */,
			);
			buildRules = (
			);
			dependencies = (
				A1B538BF1F5D2AC5007029E9 /* PBXTargetDependency */,
			);
			name = WVRInteractorUITests;
			productName = WVRInteractorUITests;
			productReference = A1B538BD1F5D2AC5007029E9 /* WVRInteractorUITests.xctest */;
			productType = "com.apple.product-type.bundle.ui-testing";
		};
/* End PBXNativeTarget section */

/* Begin PBXProject section */
		A1B538921F5D2AC5007029E9 /* Project object */ = {
			isa = PBXProject;
			attributes = {
				LastUpgradeCheck = 0900;
				ORGANIZATIONNAME = qbshen;
				TargetAttributes = {
					A1B538991F5D2AC5007029E9 = {
						CreatedOnToolsVersion = 9.0;
					};
					A1B538B11F5D2AC5007029E9 = {
						CreatedOnToolsVersion = 9.0;
						TestTargetID = A1B538991F5D2AC5007029E9;
					};
					A1B538BC1F5D2AC5007029E9 = {
						CreatedOnToolsVersion = 9.0;
						TestTargetID = A1B538991F5D2AC5007029E9;
					};
				};
			};
			buildConfigurationList = A1B538951F5D2AC5007029E9 /* Build configuration list for PBXProject "WVRInteractor" */;
			compatibilityVersion = "Xcode 8.0";
			developmentRegion = en;
			hasScannedForEncodings = 0;
			knownRegions = (
				en,
				Base,
			);
			mainGroup = A1B538911F5D2AC5007029E9;
			productRefGroup = A1B5389B1F5D2AC5007029E9 /* Products */;
			projectDirPath = "";
			projectRoot = "";
			targets = (
				A1B538991F5D2AC5007029E9 /* WVRInteractor */,
				A1B538B11F5D2AC5007029E9 /* WVRInteractorTests */,
				A1B538BC1F5D2AC5007029E9 /* WVRInteractorUITests */,
			);
		};
/* End PBXProject section */

/* Begin PBXResourcesBuildPhase section */
		A1B538981F5D2AC5007029E9 /* Resources */ = {
			isa = PBXResourcesBuildPhase;
			buildActionMask = 2147483647;
			files = (
				A1B538AA1F5D2AC5007029E9 /* LaunchScreen.storyboard in Resources */,
				A1B538A71F5D2AC5007029E9 /* Assets.xcassets in Resources */,
				A1B538A51F5D2AC5007029E9 /* Main.storyboard in Resources */,
			);
			runOnlyForDeploymentPostprocessing = 0;
		};
		A1B538B01F5D2AC5007029E9 /* Resources */ = {
			isa = PBXResourcesBuildPhase;
			buildActionMask = 2147483647;
			files = (
			);
			runOnlyForDeploymentPostprocessing = 0;
		};
		A1B538BB1F5D2AC5007029E9 /* Resources */ = {
			isa = PBXResourcesBuildPhase;
			buildActionMask = 2147483647;
			files = (
			);
			runOnlyForDeploymentPostprocessing = 0;
		};
/* End PBXResourcesBuildPhase section */

/* Begin PBXShellScriptBuildPhase section */
		71D850646CA5CC9CAE176226 /* [CP] Copy Pods Resources */ = {
			isa = PBXShellScriptBuildPhase;
			buildActionMask = 2147483647;
			files = (
			);
			inputPaths = (
			);
			name = "[CP] Copy Pods Resources";
			outputPaths = (
			);
			runOnlyForDeploymentPostprocessing = 0;
			shellPath = /bin/sh;
			shellScript = "\"${SRCROOT}/Pods/Target Support Files/Pods-WVRInteractor/Pods-WVRInteractor-resources.sh\"\n";
			showEnvVarsInLog = 0;
		};
		7611004280DDDD236E4E240E /* [CP] Embed Pods Frameworks */ = {
			isa = PBXShellScriptBuildPhase;
			buildActionMask = 2147483647;
			files = (
			);
			inputPaths = (
				"${SRCROOT}/Pods/Target Support Files/Pods-WVRInteractor/Pods-WVRInteractor-frameworks.sh",
				"${PODS_ROOT}/WVRNet/WVRNet/WVRNetworking/SocketIO/SocketIO.framework",
			);
			name = "[CP] Embed Pods Frameworks";
			outputPaths = (
				"${TARGET_BUILD_DIR}/${FRAMEWORKS_FOLDER_PATH}/SocketIO.framework",
			);
			runOnlyForDeploymentPostprocessing = 0;
			shellPath = /bin/sh;
			shellScript = "\"${SRCROOT}/Pods/Target Support Files/Pods-WVRInteractor/Pods-WVRInteractor-frameworks.sh\"\n";
			showEnvVarsInLog = 0;
		};
		8A2F33B7903496017A061749 /* [CP] Check Pods Manifest.lock */ = {
			isa = PBXShellScriptBuildPhase;
			buildActionMask = 2147483647;
			files = (
			);
			inputPaths = (
				"${PODS_PODFILE_DIR_PATH}/Podfile.lock",
				"${PODS_ROOT}/Manifest.lock",
			);
			name = "[CP] Check Pods Manifest.lock";
			outputPaths = (
				"$(DERIVED_FILE_DIR)/Pods-WVRInteractor-checkManifestLockResult.txt",
			);
			runOnlyForDeploymentPostprocessing = 0;
			shellPath = /bin/sh;
			shellScript = "diff \"${PODS_PODFILE_DIR_PATH}/Podfile.lock\" \"${PODS_ROOT}/Manifest.lock\" > /dev/null\nif [ $? != 0 ] ; then\n    # print error to STDERR\n    echo \"error: The sandbox is not in sync with the Podfile.lock. Run 'pod install' or update your CocoaPods installation.\" >&2\n    exit 1\nfi\n# This output is used by Xcode 'outputs' to avoid re-running this script phase.\necho \"SUCCESS\" > \"${SCRIPT_OUTPUT_FILE_0}\"\n";
			showEnvVarsInLog = 0;
		};
/* End PBXShellScriptBuildPhase section */

/* Begin PBXSourcesBuildPhase section */
		A1B538961F5D2AC5007029E9 /* Sources */ = {
			isa = PBXSourcesBuildPhase;
			buildActionMask = 2147483647;
			files = (
				A1B538A21F5D2AC5007029E9 /* ViewController.m in Sources */,
				A1B538AD1F5D2AC5007029E9 /* main.m in Sources */,
				A1B5389F1F5D2AC5007029E9 /* AppDelegate.m in Sources */,
				A1B538D31F5D2B6A007029E9 /* WVRUseCase.m in Sources */,
			);
			runOnlyForDeploymentPostprocessing = 0;
		};
		A1B538AE1F5D2AC5007029E9 /* Sources */ = {
			isa = PBXSourcesBuildPhase;
			buildActionMask = 2147483647;
			files = (
				A1B538B71F5D2AC5007029E9 /* WVRInteractorTests.m in Sources */,
			);
			runOnlyForDeploymentPostprocessing = 0;
		};
		A1B538B91F5D2AC5007029E9 /* Sources */ = {
			isa = PBXSourcesBuildPhase;
			buildActionMask = 2147483647;
			files = (
				A1B538C21F5D2AC5007029E9 /* WVRInteractorUITests.m in Sources */,
			);
			runOnlyForDeploymentPostprocessing = 0;
		};
/* End PBXSourcesBuildPhase section */

/* Begin PBXTargetDependency section */
		A1B538B41F5D2AC5007029E9 /* PBXTargetDependency */ = {
			isa = PBXTargetDependency;
			target = A1B538991F5D2AC5007029E9 /* WVRInteractor */;
			targetProxy = A1B538B31F5D2AC5007029E9 /* PBXContainerItemProxy */;
		};
		A1B538BF1F5D2AC5007029E9 /* PBXTargetDependency */ = {
			isa = PBXTargetDependency;
			target = A1B538991F5D2AC5007029E9 /* WVRInteractor */;
			targetProxy = A1B538BE1F5D2AC5007029E9 /* PBXContainerItemProxy */;
		};
/* End PBXTargetDependency section */

/* Begin PBXVariantGroup section */
		A1B538A31F5D2AC5007029E9 /* Main.storyboard */ = {
			isa = PBXVariantGroup;
			children = (
				A1B538A41F5D2AC5007029E9 /* Base */,
			);
			name = Main.storyboard;
			sourceTree = "<group>";
		};
		A1B538A81F5D2AC5007029E9 /* LaunchScreen.storyboard */ = {
			isa = PBXVariantGroup;
			children = (
				A1B538A91F5D2AC5007029E9 /* Base */,
			);
			name = LaunchScreen.storyboard;
			sourceTree = "<group>";
		};
/* End PBXVariantGroup section */

/* Begin XCBuildConfiguration section */
		A1B538C41F5D2AC5007029E9 /* Debug */ = {
			isa = XCBuildConfiguration;
			buildSettings = {
				ALWAYS_SEARCH_USER_PATHS = NO;
				CLANG_ANALYZER_NONNULL = YES;
				CLANG_ANALYZER_NUMBER_OBJECT_CONVERSION = YES_AGGRESSIVE;
				CLANG_CXX_LANGUAGE_STANDARD = "gnu++14";
				CLANG_CXX_LIBRARY = "libc++";
				CLANG_ENABLE_MODULES = YES;
				CLANG_ENABLE_OBJC_ARC = YES;
				CLANG_WARN_BLOCK_CAPTURE_AUTORELEASING = YES;
				CLANG_WARN_BOOL_CONVERSION = YES;
				CLANG_WARN_COMMA = YES;
				CLANG_WARN_CONSTANT_CONVERSION = YES;
				CLANG_WARN_DIRECT_OBJC_ISA_USAGE = YES_ERROR;
				CLANG_WARN_DOCUMENTATION_COMMENTS = YES;
				CLANG_WARN_EMPTY_BODY = YES;
				CLANG_WARN_ENUM_CONVERSION = YES;
				CLANG_WARN_INFINITE_RECURSION = YES;
				CLANG_WARN_INT_CONVERSION = YES;
				CLANG_WARN_NON_LITERAL_NULL_CONVERSION = YES;
				CLANG_WARN_OBJC_LITERAL_CONVERSION = YES;
				CLANG_WARN_OBJC_ROOT_CLASS = YES_ERROR;
				CLANG_WARN_RANGE_LOOP_ANALYSIS = YES;
				CLANG_WARN_STRICT_PROTOTYPES = YES;
				CLANG_WARN_SUSPICIOUS_MOVE = YES;
				CLANG_WARN_UNGUARDED_AVAILABILITY = YES_AGGRESSIVE;
				CLANG_WARN_UNREACHABLE_CODE = YES;
				CLANG_WARN__DUPLICATE_METHOD_MATCH = YES;
				CODE_SIGN_IDENTITY = "iPhone Developer";
				COPY_PHASE_STRIP = NO;
				DEBUG_INFORMATION_FORMAT = dwarf;
				ENABLE_STRICT_OBJC_MSGSEND = YES;
				ENABLE_TESTABILITY = YES;
				GCC_C_LANGUAGE_STANDARD = gnu11;
				GCC_DYNAMIC_NO_PIC = NO;
				GCC_NO_COMMON_BLOCKS = YES;
				GCC_OPTIMIZATION_LEVEL = 0;
				GCC_PREPROCESSOR_DEFINITIONS = (
					"DEBUG=1",
					"$(inherited)",
				);
				GCC_WARN_64_TO_32_BIT_CONVERSION = YES;
				GCC_WARN_ABOUT_RETURN_TYPE = YES_ERROR;
				GCC_WARN_UNDECLARED_SELECTOR = YES;
				GCC_WARN_UNINITIALIZED_AUTOS = YES_AGGRESSIVE;
				GCC_WARN_UNUSED_FUNCTION = YES;
				GCC_WARN_UNUSED_VARIABLE = YES;
				IPHONEOS_DEPLOYMENT_TARGET = 11.0;
				MTL_ENABLE_DEBUG_INFO = YES;
				ONLY_ACTIVE_ARCH = YES;
				SDKROOT = iphoneos;
			};
			name = Debug;
		};
		A1B538C51F5D2AC5007029E9 /* Release */ = {
			isa = XCBuildConfiguration;
			buildSettings = {
				ALWAYS_SEARCH_USER_PATHS = NO;
				CLANG_ANALYZER_NONNULL = YES;
				CLANG_ANALYZER_NUMBER_OBJECT_CONVERSION = YES_AGGRESSIVE;
				CLANG_CXX_LANGUAGE_STANDARD = "gnu++14";
				CLANG_CXX_LIBRARY = "libc++";
				CLANG_ENABLE_MODULES = YES;
				CLANG_ENABLE_OBJC_ARC = YES;
				CLANG_WARN_BLOCK_CAPTURE_AUTORELEASING = YES;
				CLANG_WARN_BOOL_CONVERSION = YES;
				CLANG_WARN_COMMA = YES;
				CLANG_WARN_CONSTANT_CONVERSION = YES;
				CLANG_WARN_DIRECT_OBJC_ISA_USAGE = YES_ERROR;
				CLANG_WARN_DOCUMENTATION_COMMENTS = YES;
				CLANG_WARN_EMPTY_BODY = YES;
				CLANG_WARN_ENUM_CONVERSION = YES;
				CLANG_WARN_INFINITE_RECURSION = YES;
				CLANG_WARN_INT_CONVERSION = YES;
				CLANG_WARN_NON_LITERAL_NULL_CONVERSION = YES;
				CLANG_WARN_OBJC_LITERAL_CONVERSION = YES;
				CLANG_WARN_OBJC_ROOT_CLASS = YES_ERROR;
				CLANG_WARN_RANGE_LOOP_ANALYSIS = YES;
				CLANG_WARN_STRICT_PROTOTYPES = YES;
				CLANG_WARN_SUSPICIOUS_MOVE = YES;
				CLANG_WARN_UNGUARDED_AVAILABILITY = YES_AGGRESSIVE;
				CLANG_WARN_UNREACHABLE_CODE = YES;
				CLANG_WARN__DUPLICATE_METHOD_MATCH = YES;
				CODE_SIGN_IDENTITY = "iPhone Developer";
				COPY_PHASE_STRIP = NO;
				DEBUG_INFORMATION_FORMAT = "dwarf-with-dsym";
				ENABLE_NS_ASSERTIONS = NO;
				ENABLE_STRICT_OBJC_MSGSEND = YES;
				GCC_C_LANGUAGE_STANDARD = gnu11;
				GCC_NO_COMMON_BLOCKS = YES;
				GCC_WARN_64_TO_32_BIT_CONVERSION = YES;
				GCC_WARN_ABOUT_RETURN_TYPE = YES_ERROR;
				GCC_WARN_UNDECLARED_SELECTOR = YES;
				GCC_WARN_UNINITIALIZED_AUTOS = YES_AGGRESSIVE;
				GCC_WARN_UNUSED_FUNCTION = YES;
				GCC_WARN_UNUSED_VARIABLE = YES;
				IPHONEOS_DEPLOYMENT_TARGET = 11.0;
				MTL_ENABLE_DEBUG_INFO = NO;
				SDKROOT = iphoneos;
				VALIDATE_PRODUCT = YES;
			};
			name = Release;
		};
		A1B538C71F5D2AC5007029E9 /* Debug */ = {
			isa = XCBuildConfiguration;
			baseConfigurationReference = F9DAD00A531DBE817449CABA /* Pods-WVRInteractor.debug.xcconfig */;
			buildSettings = {
				ASSETCATALOG_COMPILER_APPICON_NAME = AppIcon;
				DEVELOPMENT_TEAM = L6EYUBTRJ5;
				INFOPLIST_FILE = WVRInteractor/Info.plist;
				IPHONEOS_DEPLOYMENT_TARGET = 9.0;
				LD_RUNPATH_SEARCH_PATHS = "$(inherited) @executable_path/Frameworks";
				PRODUCT_BUNDLE_IDENTIFIER = com.qbshen.WVRInteractor;
				PRODUCT_NAME = "$(TARGET_NAME)";
				TARGETED_DEVICE_FAMILY = "1,2";
			};
			name = Debug;
		};
		A1B538C81F5D2AC5007029E9 /* Release */ = {
			isa = XCBuildConfiguration;
			baseConfigurationReference = 9D93CA02939303F4CA17E1AA /* Pods-WVRInteractor.release.xcconfig */;
			buildSettings = {
				ASSETCATALOG_COMPILER_APPICON_NAME = AppIcon;
				DEVELOPMENT_TEAM = L6EYUBTRJ5;
				INFOPLIST_FILE = WVRInteractor/Info.plist;
				IPHONEOS_DEPLOYMENT_TARGET = 9.0;
				LD_RUNPATH_SEARCH_PATHS = "$(inherited) @executable_path/Frameworks";
				PRODUCT_BUNDLE_IDENTIFIER = com.qbshen.WVRInteractor;
				PRODUCT_NAME = "$(TARGET_NAME)";
				TARGETED_DEVICE_FAMILY = "1,2";
			};
			name = Release;
		};
		A1B538CA1F5D2AC5007029E9 /* Debug */ = {
			isa = XCBuildConfiguration;
			buildSettings = {
				BUNDLE_LOADER = "$(TEST_HOST)";
				INFOPLIST_FILE = WVRInteractorTests/Info.plist;
				LD_RUNPATH_SEARCH_PATHS = "$(inherited) @executable_path/Frameworks @loader_path/Frameworks";
				PRODUCT_BUNDLE_IDENTIFIER = com.qbshen.WVRInteractorTests;
				PRODUCT_NAME = "$(TARGET_NAME)";
				TARGETED_DEVICE_FAMILY = "1,2";
				TEST_HOST = "$(BUILT_PRODUCTS_DIR)/WVRInteractor.app/WVRInteractor";
			};
			name = Debug;
		};
		A1B538CB1F5D2AC5007029E9 /* Release */ = {
			isa = XCBuildConfiguration;
			buildSettings = {
				BUNDLE_LOADER = "$(TEST_HOST)";
				INFOPLIST_FILE = WVRInteractorTests/Info.plist;
				LD_RUNPATH_SEARCH_PATHS = "$(inherited) @executable_path/Frameworks @loader_path/Frameworks";
				PRODUCT_BUNDLE_IDENTIFIER = com.qbshen.WVRInteractorTests;
				PRODUCT_NAME = "$(TARGET_NAME)";
				TARGETED_DEVICE_FAMILY = "1,2";
				TEST_HOST = "$(BUILT_PRODUCTS_DIR)/WVRInteractor.app/WVRInteractor";
			};
			name = Release;
		};
		A1B538CD1F5D2AC5007029E9 /* Debug */ = {
			isa = XCBuildConfiguration;
			buildSettings = {
				INFOPLIST_FILE = WVRInteractorUITests/Info.plist;
				IPHONEOS_DEPLOYMENT_TARGET = 9.0;
				LD_RUNPATH_SEARCH_PATHS = "$(inherited) @executable_path/Frameworks @loader_path/Frameworks";
				PRODUCT_BUNDLE_IDENTIFIER = com.qbshen.WVRInteractorUITests;
				PRODUCT_NAME = "$(TARGET_NAME)";
				TARGETED_DEVICE_FAMILY = "1,2";
				TEST_TARGET_NAME = WVRInteractor;
			};
			name = Debug;
		};
		A1B538CE1F5D2AC5007029E9 /* Release */ = {
			isa = XCBuildConfiguration;
			buildSettings = {
				INFOPLIST_FILE = WVRInteractorUITests/Info.plist;
				IPHONEOS_DEPLOYMENT_TARGET = 9.0;
				LD_RUNPATH_SEARCH_PATHS = "$(inherited) @executable_path/Frameworks @loader_path/Frameworks";
				PRODUCT_BUNDLE_IDENTIFIER = com.qbshen.WVRInteractorUITests;
				PRODUCT_NAME = "$(TARGET_NAME)";
				TARGETED_DEVICE_FAMILY = "1,2";
				TEST_TARGET_NAME = WVRInteractor;
			};
			name = Release;
		};
/* End XCBuildConfiguration section */

/* Begin XCConfigurationList section */
		A1B538951F5D2AC5007029E9 /* Build configuration list for PBXProject "WVRInteractor" */ = {
			isa = XCConfigurationList;
			buildConfigurations = (
				A1B538C41F5D2AC5007029E9 /* Debug */,
				A1B538C51F5D2AC5007029E9 /* Release */,
			);
			defaultConfigurationIsVisible = 0;
			defaultConfigurationName = Release;
		};
		A1B538C61F5D2AC5007029E9 /* Build configuration list for PBXNativeTarget "WVRInteractor" */ = {
			isa = XCConfigurationList;
			buildConfigurations = (
				A1B538C71F5D2AC5007029E9 /* Debug */,
				A1B538C81F5D2AC5007029E9 /* Release */,
			);
			defaultConfigurationIsVisible = 0;
			defaultConfigurationName = Release;
		};
		A1B538C91F5D2AC5007029E9 /* Build configuration list for PBXNativeTarget "WVRInteractorTests" */ = {
			isa = XCConfigurationList;
			buildConfigurations = (
				A1B538CA1F5D2AC5007029E9 /* Debug */,
				A1B538CB1F5D2AC5007029E9 /* Release */,
			);
			defaultConfigurationIsVisible = 0;
			defaultConfigurationName = Release;
		};
		A1B538CC1F5D2AC5007029E9 /* Build configuration list for PBXNativeTarget "WVRInteractorUITests" */ = {
			isa = XCConfigurationList;
			buildConfigurations = (
				A1B538CD1F5D2AC5007029E9 /* Debug */,
				A1B538CE1F5D2AC5007029E9 /* Release */,
			);
			defaultConfigurationIsVisible = 0;
			defaultConfigurationName = Release;
		};
/* End XCConfigurationList section */
	};
	rootObject = A1B538921F5D2AC5007029E9 /* Project object */;
}
