// !$*UTF8*$!
{
	archiveVersion = 1;
	classes = {
	};
	objectVersion = 46;
	objects = {

/* Begin PBXBuildFile section */
		0C6A00B7DD26693B0B064DFF /* libPods-WVRAPIService.a in Frameworks */ = {isa = PBXBuildFile; fileRef = A58CAF7663ECFE58EA46E54E /* libPods-WVRAPIService.a */; };
		32F09A361F6129BE00264EAC /* main.m in Sources */ = {isa = PBXBuildFile; fileRef = 32F09A351F6129BE00264EAC /* main.m */; };
		32F09A391F6129BE00264EAC /* AppDelegate.m in Sources */ = {isa = PBXBuildFile; fileRef = 32F09A381F6129BE00264EAC /* AppDelegate.m */; };
		32F09A3C1F6129BE00264EAC /* ViewController.m in Sources */ = {isa = PBXBuildFile; fileRef = 32F09A3B1F6129BE00264EAC /* ViewController.m */; };
		32F09A3F1F6129BE00264EAC /* Main.storyboard in Resources */ = {isa = PBXBuildFile; fileRef = 32F09A3D1F6129BE00264EAC /* Main.storyboard */; };
		32F09A411F6129BE00264EAC /* Assets.xcassets in Resources */ = {isa = PBXBuildFile; fileRef = 32F09A401F6129BE00264EAC /* Assets.xcassets */; };
		32F09A441F6129BE00264EAC /* LaunchScreen.storyboard in Resources */ = {isa = PBXBuildFile; fileRef = 32F09A421F6129BE00264EAC /* LaunchScreen.storyboard */; };
		32F09A4F1F6129BE00264EAC /* WVRAPIServiceTests.m in Sources */ = {isa = PBXBuildFile; fileRef = 32F09A4E1F6129BE00264EAC /* WVRAPIServiceTests.m */; };
		32F09A5A1F6129BE00264EAC /* WVRAPIServiceUITests.m in Sources */ = {isa = PBXBuildFile; fileRef = 32F09A591F6129BE00264EAC /* WVRAPIServiceUITests.m */; };
		32F09A761F612B5C00264EAC /* WVRNetworkingAccountService.m in Sources */ = {isa = PBXBuildFile; fileRef = 32F09A691F612B5C00264EAC /* WVRNetworkingAccountService.m */; };
		32F09A771F612B5C00264EAC /* WVRNetworkingBIService.m in Sources */ = {isa = PBXBuildFile; fileRef = 32F09A6B1F612B5C00264EAC /* WVRNetworkingBIService.m */; };
		32F09A781F612B5C00264EAC /* WVRNetworkingBUSService.m in Sources */ = {isa = PBXBuildFile; fileRef = 32F09A6D1F612B5C00264EAC /* WVRNetworkingBUSService.m */; };
		32F09A791F612B5C00264EAC /* WVRNetworkingCMSService.m in Sources */ = {isa = PBXBuildFile; fileRef = 32F09A6F1F612B5C00264EAC /* WVRNetworkingCMSService.m */; };
		32F09A7A1F612B5C00264EAC /* WVRNetworkingSnailvrService.m in Sources */ = {isa = PBXBuildFile; fileRef = 32F09A711F612B5C00264EAC /* WVRNetworkingSnailvrService.m */; };
		32F09A7B1F612B5C00264EAC /* WVRNetworkingStoreService.m in Sources */ = {isa = PBXBuildFile; fileRef = 32F09A731F612B5C00264EAC /* WVRNetworkingStoreService.m */; };
		32F09A7C1F612B5C00264EAC /* WVRNetworkingVRAPIService.m in Sources */ = {isa = PBXBuildFile; fileRef = 32F09A751F612B5C00264EAC /* WVRNetworkingVRAPIService.m */; };
/* End PBXBuildFile section */

/* Begin PBXContainerItemProxy section */
		32F09A4B1F6129BE00264EAC /* PBXContainerItemProxy */ = {
			isa = PBXContainerItemProxy;
			containerPortal = 32F09A291F6129BE00264EAC /* Project object */;
			proxyType = 1;
			remoteGlobalIDString = 32F09A301F6129BE00264EAC;
			remoteInfo = WVRAPIService;
		};
		32F09A561F6129BE00264EAC /* PBXContainerItemProxy */ = {
			isa = PBXContainerItemProxy;
			containerPortal = 32F09A291F6129BE00264EAC /* Project object */;
			proxyType = 1;
			remoteGlobalIDString = 32F09A301F6129BE00264EAC;
			remoteInfo = WVRAPIService;
		};
/* End PBXContainerItemProxy section */

/* Begin PBXFileReference section */
		16CAE34C9700F81913F42840 /* Pods-WVRAPIService.release.xcconfig */ = {isa = PBXFileReference; includeInIndex = 1; lastKnownFileType = text.xcconfig; name = "Pods-WVRAPIService.release.xcconfig"; path = "Pods/Target Support Files/Pods-WVRAPIService/Pods-WVRAPIService.release.xcconfig"; sourceTree = "<group>"; };
		32F09A311F6129BE00264EAC /* WVRAPIService.app */ = {isa = PBXFileReference; explicitFileType = wrapper.application; includeInIndex = 0; path = WVRAPIService.app; sourceTree = BUILT_PRODUCTS_DIR; };
		32F09A351F6129BE00264EAC /* main.m */ = {isa = PBXFileReference; lastKnownFileType = sourcecode.c.objc; path = main.m; sourceTree = "<group>"; };
		32F09A371F6129BE00264EAC /* AppDelegate.h */ = {isa = PBXFileReference; lastKnownFileType = sourcecode.c.h; path = AppDelegate.h; sourceTree = "<group>"; };
		32F09A381F6129BE00264EAC /* AppDelegate.m */ = {isa = PBXFileReference; lastKnownFileType = sourcecode.c.objc; path = AppDelegate.m; sourceTree = "<group>"; };
		32F09A3A1F6129BE00264EAC /* ViewController.h */ = {isa = PBXFileReference; lastKnownFileType = sourcecode.c.h; path = ViewController.h; sourceTree = "<group>"; };
		32F09A3B1F6129BE00264EAC /* ViewController.m */ = {isa = PBXFileReference; lastKnownFileType = sourcecode.c.objc; path = ViewController.m; sourceTree = "<group>"; };
		32F09A3E1F6129BE00264EAC /* Base */ = {isa = PBXFileReference; lastKnownFileType = file.storyboard; name = Base; path = Base.lproj/Main.storyboard; sourceTree = "<group>"; };
		32F09A401F6129BE00264EAC /* Assets.xcassets */ = {isa = PBXFileReference; lastKnownFileType = folder.assetcatalog; path = Assets.xcassets; sourceTree = "<group>"; };
		32F09A431F6129BE00264EAC /* Base */ = {isa = PBXFileReference; lastKnownFileType = file.storyboard; name = Base; path = Base.lproj/LaunchScreen.storyboard; sourceTree = "<group>"; };
		32F09A451F6129BE00264EAC /* Info.plist */ = {isa = PBXFileReference; lastKnownFileType = text.plist.xml; path = Info.plist; sourceTree = "<group>"; };
		32F09A4A1F6129BE00264EAC /* WVRAPIServiceTests.xctest */ = {isa = PBXFileReference; explicitFileType = wrapper.cfbundle; includeInIndex = 0; path = WVRAPIServiceTests.xctest; sourceTree = BUILT_PRODUCTS_DIR; };
		32F09A4E1F6129BE00264EAC /* WVRAPIServiceTests.m */ = {isa = PBXFileReference; lastKnownFileType = sourcecode.c.objc; path = WVRAPIServiceTests.m; sourceTree = "<group>"; };
		32F09A501F6129BE00264EAC /* Info.plist */ = {isa = PBXFileReference; lastKnownFileType = text.plist.xml; path = Info.plist; sourceTree = "<group>"; };
		32F09A551F6129BE00264EAC /* WVRAPIServiceUITests.xctest */ = {isa = PBXFileReference; explicitFileType = wrapper.cfbundle; includeInIndex = 0; path = WVRAPIServiceUITests.xctest; sourceTree = BUILT_PRODUCTS_DIR; };
		32F09A591F6129BE00264EAC /* WVRAPIServiceUITests.m */ = {isa = PBXFileReference; lastKnownFileType = sourcecode.c.objc; path = WVRAPIServiceUITests.m; sourceTree = "<group>"; };
		32F09A5B1F6129BE00264EAC /* Info.plist */ = {isa = PBXFileReference; lastKnownFileType = text.plist.xml; path = Info.plist; sourceTree = "<group>"; };
		32F09A681F612B5C00264EAC /* WVRNetworkingAccountService.h */ = {isa = PBXFileReference; fileEncoding = 4; lastKnownFileType = sourcecode.c.h; path = WVRNetworkingAccountService.h; sourceTree = "<group>"; };
		32F09A691F612B5C00264EAC /* WVRNetworkingAccountService.m */ = {isa = PBXFileReference; fileEncoding = 4; lastKnownFileType = sourcecode.c.objc; path = WVRNetworkingAccountService.m; sourceTree = "<group>"; };
		32F09A6A1F612B5C00264EAC /* WVRNetworkingBIService.h */ = {isa = PBXFileReference; fileEncoding = 4; lastKnownFileType = sourcecode.c.h; path = WVRNetworkingBIService.h; sourceTree = "<group>"; };
		32F09A6B1F612B5C00264EAC /* WVRNetworkingBIService.m */ = {isa = PBXFileReference; fileEncoding = 4; lastKnownFileType = sourcecode.c.objc; path = WVRNetworkingBIService.m; sourceTree = "<group>"; };
		32F09A6C1F612B5C00264EAC /* WVRNetworkingBUSService.h */ = {isa = PBXFileReference; fileEncoding = 4; lastKnownFileType = sourcecode.c.h; path = WVRNetworkingBUSService.h; sourceTree = "<group>"; };
		32F09A6D1F612B5C00264EAC /* WVRNetworkingBUSService.m */ = {isa = PBXFileReference; fileEncoding = 4; lastKnownFileType = sourcecode.c.objc; path = WVRNetworkingBUSService.m; sourceTree = "<group>"; };
		32F09A6E1F612B5C00264EAC /* WVRNetworkingCMSService.h */ = {isa = PBXFileReference; fileEncoding = 4; lastKnownFileType = sourcecode.c.h; path = WVRNetworkingCMSService.h; sourceTree = "<group>"; };
		32F09A6F1F612B5C00264EAC /* WVRNetworkingCMSService.m */ = {isa = PBXFileReference; fileEncoding = 4; lastKnownFileType = sourcecode.c.objc; path = WVRNetworkingCMSService.m; sourceTree = "<group>"; };
		32F09A701F612B5C00264EAC /* WVRNetworkingSnailvrService.h */ = {isa = PBXFileReference; fileEncoding = 4; lastKnownFileType = sourcecode.c.h; path = WVRNetworkingSnailvrService.h; sourceTree = "<group>"; };
		32F09A711F612B5C00264EAC /* WVRNetworkingSnailvrService.m */ = {isa = PBXFileReference; fileEncoding = 4; lastKnownFileType = sourcecode.c.objc; path = WVRNetworkingSnailvrService.m; sourceTree = "<group>"; };
		32F09A721F612B5C00264EAC /* WVRNetworkingStoreService.h */ = {isa = PBXFileReference; fileEncoding = 4; lastKnownFileType = sourcecode.c.h; path = WVRNetworkingStoreService.h; sourceTree = "<group>"; };
		32F09A731F612B5C00264EAC /* WVRNetworkingStoreService.m */ = {isa = PBXFileReference; fileEncoding = 4; lastKnownFileType = sourcecode.c.objc; path = WVRNetworkingStoreService.m; sourceTree = "<group>"; };
		32F09A741F612B5C00264EAC /* WVRNetworkingVRAPIService.h */ = {isa = PBXFileReference; fileEncoding = 4; lastKnownFileType = sourcecode.c.h; path = WVRNetworkingVRAPIService.h; sourceTree = "<group>"; };
		32F09A751F612B5C00264EAC /* WVRNetworkingVRAPIService.m */ = {isa = PBXFileReference; fileEncoding = 4; lastKnownFileType = sourcecode.c.objc; path = WVRNetworkingVRAPIService.m; sourceTree = "<group>"; };
		A58CAF7663ECFE58EA46E54E /* libPods-WVRAPIService.a */ = {isa = PBXFileReference; explicitFileType = archive.ar; includeInIndex = 0; path = "libPods-WVRAPIService.a"; sourceTree = BUILT_PRODUCTS_DIR; };
		C0B6D7B182BCAD8D3CB34475 /* Pods-WVRAPIService.debug.xcconfig */ = {isa = PBXFileReference; includeInIndex = 1; lastKnownFileType = text.xcconfig; name = "Pods-WVRAPIService.debug.xcconfig"; path = "Pods/Target Support Files/Pods-WVRAPIService/Pods-WVRAPIService.debug.xcconfig"; sourceTree = "<group>"; };
/* End PBXFileReference section */

/* Begin PBXFrameworksBuildPhase section */
		32F09A2E1F6129BE00264EAC /* Frameworks */ = {
			isa = PBXFrameworksBuildPhase;
			buildActionMask = 2147483647;
			files = (
				0C6A00B7DD26693B0B064DFF /* libPods-WVRAPIService.a in Frameworks */,
			);
			runOnlyForDeploymentPostprocessing = 0;
		};
		32F09A471F6129BE00264EAC /* Frameworks */ = {
			isa = PBXFrameworksBuildPhase;
			buildActionMask = 2147483647;
			files = (
			);
			runOnlyForDeploymentPostprocessing = 0;
		};
		32F09A521F6129BE00264EAC /* Frameworks */ = {
			isa = PBXFrameworksBuildPhase;
			buildActionMask = 2147483647;
			files = (
			);
			runOnlyForDeploymentPostprocessing = 0;
		};
/* End PBXFrameworksBuildPhase section */

/* Begin PBXGroup section */
		32F09A281F6129BE00264EAC = {
			isa = PBXGroup;
			children = (
				32F09A331F6129BE00264EAC /* WVRAPIService */,
				32F09A4D1F6129BE00264EAC /* WVRAPIServiceTests */,
				32F09A581F6129BE00264EAC /* WVRAPIServiceUITests */,
				32F09A321F6129BE00264EAC /* Products */,
				79D18DB0A38CB4CDEAEC710A /* Pods */,
				89006C9206E79A13E180F058 /* Frameworks */,
			);
			sourceTree = "<group>";
		};
		32F09A321F6129BE00264EAC /* Products */ = {
			isa = PBXGroup;
			children = (
				32F09A311F6129BE00264EAC /* WVRAPIService.app */,
				32F09A4A1F6129BE00264EAC /* WVRAPIServiceTests.xctest */,
				32F09A551F6129BE00264EAC /* WVRAPIServiceUITests.xctest */,
			);
			name = Products;
			sourceTree = "<group>";
		};
		32F09A331F6129BE00264EAC /* WVRAPIService */ = {
			isa = PBXGroup;
			children = (
				32F09A671F612B5C00264EAC /* Classes */,
				32F09A371F6129BE00264EAC /* AppDelegate.h */,
				32F09A381F6129BE00264EAC /* AppDelegate.m */,
				32F09A3A1F6129BE00264EAC /* ViewController.h */,
				32F09A3B1F6129BE00264EAC /* ViewController.m */,
				32F09A3D1F6129BE00264EAC /* Main.storyboard */,
				32F09A401F6129BE00264EAC /* Assets.xcassets */,
				32F09A421F6129BE00264EAC /* LaunchScreen.storyboard */,
				32F09A451F6129BE00264EAC /* Info.plist */,
				32F09A341F6129BE00264EAC /* Supporting Files */,
			);
			path = WVRAPIService;
			sourceTree = "<group>";
		};
		32F09A341F6129BE00264EAC /* Supporting Files */ = {
			isa = PBXGroup;
			children = (
				32F09A351F6129BE00264EAC /* main.m */,
			);
			name = "Supporting Files";
			sourceTree = "<group>";
		};
		32F09A4D1F6129BE00264EAC /* WVRAPIServiceTests */ = {
			isa = PBXGroup;
			children = (
				32F09A4E1F6129BE00264EAC /* WVRAPIServiceTests.m */,
				32F09A501F6129BE00264EAC /* Info.plist */,
			);
			path = WVRAPIServiceTests;
			sourceTree = "<group>";
		};
		32F09A581F6129BE00264EAC /* WVRAPIServiceUITests */ = {
			isa = PBXGroup;
			children = (
				32F09A591F6129BE00264EAC /* WVRAPIServiceUITests.m */,
				32F09A5B1F6129BE00264EAC /* Info.plist */,
			);
			path = WVRAPIServiceUITests;
			sourceTree = "<group>";
		};
		32F09A671F612B5C00264EAC /* Classes */ = {
			isa = PBXGroup;
			children = (
				32F09A681F612B5C00264EAC /* WVRNetworkingAccountService.h */,
				32F09A691F612B5C00264EAC /* WVRNetworkingAccountService.m */,
				32F09A6A1F612B5C00264EAC /* WVRNetworkingBIService.h */,
				32F09A6B1F612B5C00264EAC /* WVRNetworkingBIService.m */,
				32F09A6C1F612B5C00264EAC /* WVRNetworkingBUSService.h */,
				32F09A6D1F612B5C00264EAC /* WVRNetworkingBUSService.m */,
				32F09A6E1F612B5C00264EAC /* WVRNetworkingCMSService.h */,
				32F09A6F1F612B5C00264EAC /* WVRNetworkingCMSService.m */,
				32F09A701F612B5C00264EAC /* WVRNetworkingSnailvrService.h */,
				32F09A711F612B5C00264EAC /* WVRNetworkingSnailvrService.m */,
				32F09A721F612B5C00264EAC /* WVRNetworkingStoreService.h */,
				32F09A731F612B5C00264EAC /* WVRNetworkingStoreService.m */,
				32F09A741F612B5C00264EAC /* WVRNetworkingVRAPIService.h */,
				32F09A751F612B5C00264EAC /* WVRNetworkingVRAPIService.m */,
			);
			path = Classes;
			sourceTree = "<group>";
		};
		79D18DB0A38CB4CDEAEC710A /* Pods */ = {
			isa = PBXGroup;
			children = (
				C0B6D7B182BCAD8D3CB34475 /* Pods-WVRAPIService.debug.xcconfig */,
				16CAE34C9700F81913F42840 /* Pods-WVRAPIService.release.xcconfig */,
			);
			name = Pods;
			sourceTree = "<group>";
		};
		89006C9206E79A13E180F058 /* Frameworks */ = {
			isa = PBXGroup;
			children = (
				A58CAF7663ECFE58EA46E54E /* libPods-WVRAPIService.a */,
			);
			name = Frameworks;
			sourceTree = "<group>";
		};
/* End PBXGroup section */

/* Begin PBXNativeTarget section */
		32F09A301F6129BE00264EAC /* WVRAPIService */ = {
			isa = PBXNativeTarget;
			buildConfigurationList = 32F09A5E1F6129BE00264EAC /* Build configuration list for PBXNativeTarget "WVRAPIService" */;
			buildPhases = (
				48B9A17B279C06DBCA2ED39F /* [CP] Check Pods Manifest.lock */,
				32F09A2D1F6129BE00264EAC /* Sources */,
				32F09A2E1F6129BE00264EAC /* Frameworks */,
				32F09A2F1F6129BE00264EAC /* Resources */,
				2765CCFD464D82419B5B4BD9 /* [CP] Embed Pods Frameworks */,
				ADFCB5738A101F06E430B661 /* [CP] Copy Pods Resources */,
			);
			buildRules = (
			);
			dependencies = (
			);
			name = WVRAPIService;
			productName = WVRAPIService;
			productReference = 32F09A311F6129BE00264EAC /* WVRAPIService.app */;
			productType = "com.apple.product-type.application";
		};
		32F09A491F6129BE00264EAC /* WVRAPIServiceTests */ = {
			isa = PBXNativeTarget;
			buildConfigurationList = 32F09A611F6129BE00264EAC /* Build configuration list for PBXNativeTarget "WVRAPIServiceTests" */;
			buildPhases = (
				32F09A461F6129BE00264EAC /* Sources */,
				32F09A471F6129BE00264EAC /* Frameworks */,
				32F09A481F6129BE00264EAC /* Resources */,
			);
			buildRules = (
			);
			dependencies = (
				32F09A4C1F6129BE00264EAC /* PBXTargetDependency */,
			);
			name = WVRAPIServiceTests;
			productName = WVRAPIServiceTests;
			productReference = 32F09A4A1F6129BE00264EAC /* WVRAPIServiceTests.xctest */;
			productType = "com.apple.product-type.bundle.unit-test";
		};
		32F09A541F6129BE00264EAC /* WVRAPIServiceUITests */ = {
			isa = PBXNativeTarget;
			buildConfigurationList = 32F09A641F6129BE00264EAC /* Build configuration list for PBXNativeTarget "WVRAPIServiceUITests" */;
			buildPhases = (
				32F09A511F6129BE00264EAC /* Sources */,
				32F09A521F6129BE00264EAC /* Frameworks */,
				32F09A531F6129BE00264EAC /* Resources */,
			);
			buildRules = (
			);
			dependencies = (
				32F09A571F6129BE00264EAC /* PBXTargetDependency */,
			);
			name = WVRAPIServiceUITests;
			productName = WVRAPIServiceUITests;
			productReference = 32F09A551F6129BE00264EAC /* WVRAPIServiceUITests.xctest */;
			productType = "com.apple.product-type.bundle.ui-testing";
		};
/* End PBXNativeTarget section */

/* Begin PBXProject section */
		32F09A291F6129BE00264EAC /* Project object */ = {
			isa = PBXProject;
			attributes = {
				LastUpgradeCheck = 0830;
				ORGANIZATIONNAME = snailvr;
				TargetAttributes = {
					32F09A301F6129BE00264EAC = {
						CreatedOnToolsVersion = 8.3.3;
						DevelopmentTeam = L6EYUBTRJ5;
						ProvisioningStyle = Automatic;
					};
					32F09A491F6129BE00264EAC = {
						CreatedOnToolsVersion = 8.3.3;
						DevelopmentTeam = L6EYUBTRJ5;
						ProvisioningStyle = Automatic;
						TestTargetID = 32F09A301F6129BE00264EAC;
					};
					32F09A541F6129BE00264EAC = {
						CreatedOnToolsVersion = 8.3.3;
						DevelopmentTeam = L6EYUBTRJ5;
						ProvisioningStyle = Automatic;
						TestTargetID = 32F09A301F6129BE00264EAC;
					};
				};
			};
			buildConfigurationList = 32F09A2C1F6129BE00264EAC /* Build configuration list for PBXProject "WVRAPIService" */;
			compatibilityVersion = "Xcode 3.2";
			developmentRegion = English;
			hasScannedForEncodings = 0;
			knownRegions = (
				en,
				Base,
			);
			mainGroup = 32F09A281F6129BE00264EAC;
			productRefGroup = 32F09A321F6129BE00264EAC /* Products */;
			projectDirPath = "";
			projectRoot = "";
			targets = (
				32F09A301F6129BE00264EAC /* WVRAPIService */,
				32F09A491F6129BE00264EAC /* WVRAPIServiceTests */,
				32F09A541F6129BE00264EAC /* WVRAPIServiceUITests */,
			);
		};
/* End PBXProject section */

/* Begin PBXResourcesBuildPhase section */
		32F09A2F1F6129BE00264EAC /* Resources */ = {
			isa = PBXResourcesBuildPhase;
			buildActionMask = 2147483647;
			files = (
				32F09A441F6129BE00264EAC /* LaunchScreen.storyboard in Resources */,
				32F09A411F6129BE00264EAC /* Assets.xcassets in Resources */,
				32F09A3F1F6129BE00264EAC /* Main.storyboard in Resources */,
			);
			runOnlyForDeploymentPostprocessing = 0;
		};
		32F09A481F6129BE00264EAC /* Resources */ = {
			isa = PBXResourcesBuildPhase;
			buildActionMask = 2147483647;
			files = (
			);
			runOnlyForDeploymentPostprocessing = 0;
		};
		32F09A531F6129BE00264EAC /* Resources */ = {
			isa = PBXResourcesBuildPhase;
			buildActionMask = 2147483647;
			files = (
			);
			runOnlyForDeploymentPostprocessing = 0;
		};
/* End PBXResourcesBuildPhase section */

/* Begin PBXShellScriptBuildPhase section */
		2765CCFD464D82419B5B4BD9 /* [CP] Embed Pods Frameworks */ = {
			isa = PBXShellScriptBuildPhase;
			buildActionMask = 2147483647;
			files = (
			);
			inputPaths = (
				"${SRCROOT}/Pods/Target Support Files/Pods-WVRAPIService/Pods-WVRAPIService-frameworks.sh",
				"${PODS_ROOT}/WVRNet/WVRNet/WVRNetworking/SocketIO/SocketIO.framework",
			);
			name = "[CP] Embed Pods Frameworks";
			outputPaths = (
				"${TARGET_BUILD_DIR}/${FRAMEWORKS_FOLDER_PATH}/SocketIO.framework",
			);
			runOnlyForDeploymentPostprocessing = 0;
			shellPath = /bin/sh;
			shellScript = "\"${SRCROOT}/Pods/Target Support Files/Pods-WVRAPIService/Pods-WVRAPIService-frameworks.sh\"\n";
			showEnvVarsInLog = 0;
		};
		48B9A17B279C06DBCA2ED39F /* [CP] Check Pods Manifest.lock */ = {
			isa = PBXShellScriptBuildPhase;
			buildActionMask = 2147483647;
			files = (
			);
			inputPaths = (
				"${PODS_PODFILE_DIR_PATH}/Podfile.lock",
				"${PODS_ROOT}/Manifest.lock",
			);
			name = "[CP] Check Pods Manifest.lock";
			outputPaths = (
				"$(DERIVED_FILE_DIR)/Pods-WVRAPIService-checkManifestLockResult.txt",
			);
			runOnlyForDeploymentPostprocessing = 0;
			shellPath = /bin/sh;
			shellScript = "diff \"${PODS_PODFILE_DIR_PATH}/Podfile.lock\" \"${PODS_ROOT}/Manifest.lock\" > /dev/null\nif [ $? != 0 ] ; then\n    # print error to STDERR\n    echo \"error: The sandbox is not in sync with the Podfile.lock. Run 'pod install' or update your CocoaPods installation.\" >&2\n    exit 1\nfi\n# This output is used by Xcode 'outputs' to avoid re-running this script phase.\necho \"SUCCESS\" > \"${SCRIPT_OUTPUT_FILE_0}\"\n";
			showEnvVarsInLog = 0;
		};
		ADFCB5738A101F06E430B661 /* [CP] Copy Pods Resources */ = {
			isa = PBXShellScriptBuildPhase;
			buildActionMask = 2147483647;
			files = (
			);
			inputPaths = (
				"${SRCROOT}/Pods/Target Support Files/Pods-WVRAPIService/Pods-WVRAPIService-resources.sh",
				"${PODS_ROOT}/SAMKeychain/Support/SAMKeychain.bundle",
			);
			name = "[CP] Copy Pods Resources";
			outputPaths = (
				"${TARGET_BUILD_DIR}/${UNLOCALIZED_RESOURCES_FOLDER_PATH}",
			);
			runOnlyForDeploymentPostprocessing = 0;
			shellPath = /bin/sh;
			shellScript = "\"${SRCROOT}/Pods/Target Support Files/Pods-WVRAPIService/Pods-WVRAPIService-resources.sh\"\n";
			showEnvVarsInLog = 0;
		};
/* End PBXShellScriptBuildPhase section */

/* Begin PBXSourcesBuildPhase section */
		32F09A2D1F6129BE00264EAC /* Sources */ = {
			isa = PBXSourcesBuildPhase;
			buildActionMask = 2147483647;
			files = (
				32F09A791F612B5C00264EAC /* WVRNetworkingCMSService.m in Sources */,
				32F09A3C1F6129BE00264EAC /* ViewController.m in Sources */,
				32F09A761F612B5C00264EAC /* WVRNetworkingAccountService.m in Sources */,
				32F09A781F612B5C00264EAC /* WVRNetworkingBUSService.m in Sources */,
				32F09A391F6129BE00264EAC /* AppDelegate.m in Sources */,
				32F09A361F6129BE00264EAC /* main.m in Sources */,
				32F09A771F612B5C00264EAC /* WVRNetworkingBIService.m in Sources */,
				32F09A7A1F612B5C00264EAC /* WVRNetworkingSnailvrService.m in Sources */,
				32F09A7C1F612B5C00264EAC /* WVRNetworkingVRAPIService.m in Sources */,
				32F09A7B1F612B5C00264EAC /* WVRNetworkingStoreService.m in Sources */,
			);
			runOnlyForDeploymentPostprocessing = 0;
		};
		32F09A461F6129BE00264EAC /* Sources */ = {
			isa = PBXSourcesBuildPhase;
			buildActionMask = 2147483647;
			files = (
				32F09A4F1F6129BE00264EAC /* WVRAPIServiceTests.m in Sources */,
			);
			runOnlyForDeploymentPostprocessing = 0;
		};
		32F09A511F6129BE00264EAC /* Sources */ = {
			isa = PBXSourcesBuildPhase;
			buildActionMask = 2147483647;
			files = (
				32F09A5A1F6129BE00264EAC /* WVRAPIServiceUITests.m in Sources */,
			);
			runOnlyForDeploymentPostprocessing = 0;
		};
/* End PBXSourcesBuildPhase section */

/* Begin PBXTargetDependency section */
		32F09A4C1F6129BE00264EAC /* PBXTargetDependency */ = {
			isa = PBXTargetDependency;
			target = 32F09A301F6129BE00264EAC /* WVRAPIService */;
			targetProxy = 32F09A4B1F6129BE00264EAC /* PBXContainerItemProxy */;
		};
		32F09A571F6129BE00264EAC /* PBXTargetDependency */ = {
			isa = PBXTargetDependency;
			target = 32F09A301F6129BE00264EAC /* WVRAPIService */;
			targetProxy = 32F09A561F6129BE00264EAC /* PBXContainerItemProxy */;
		};
/* End PBXTargetDependency section */

/* Begin PBXVariantGroup section */
		32F09A3D1F6129BE00264EAC /* Main.storyboard */ = {
			isa = PBXVariantGroup;
			children = (
				32F09A3E1F6129BE00264EAC /* Base */,
			);
			name = Main.storyboard;
			sourceTree = "<group>";
		};
		32F09A421F6129BE00264EAC /* LaunchScreen.storyboard */ = {
			isa = PBXVariantGroup;
			children = (
				32F09A431F6129BE00264EAC /* Base */,
			);
			name = LaunchScreen.storyboard;
			sourceTree = "<group>";
		};
/* End PBXVariantGroup section */

/* Begin XCBuildConfiguration section */
		32F09A5C1F6129BE00264EAC /* Debug */ = {
			isa = XCBuildConfiguration;
			buildSettings = {
				ALWAYS_SEARCH_USER_PATHS = NO;
				CLANG_ANALYZER_NONNULL = YES;
				CLANG_ANALYZER_NUMBER_OBJECT_CONVERSION = YES_AGGRESSIVE;
				CLANG_CXX_LANGUAGE_STANDARD = "gnu++0x";
				CLANG_CXX_LIBRARY = "libc++";
				CLANG_ENABLE_MODULES = YES;
				CLANG_ENABLE_OBJC_ARC = YES;
				CLANG_WARN_BOOL_CONVERSION = YES;
				CLANG_WARN_CONSTANT_CONVERSION = YES;
				CLANG_WARN_DIRECT_OBJC_ISA_USAGE = YES_ERROR;
				CLANG_WARN_DOCUMENTATION_COMMENTS = YES;
				CLANG_WARN_EMPTY_BODY = YES;
				CLANG_WARN_ENUM_CONVERSION = YES;
				CLANG_WARN_INFINITE_RECURSION = YES;
				CLANG_WARN_INT_CONVERSION = YES;
				CLANG_WARN_OBJC_ROOT_CLASS = YES_ERROR;
				CLANG_WARN_SUSPICIOUS_MOVE = YES;
				CLANG_WARN_UNREACHABLE_CODE = YES;
				CLANG_WARN__DUPLICATE_METHOD_MATCH = YES;
				"CODE_SIGN_IDENTITY[sdk=iphoneos*]" = "iPhone Developer";
				COPY_PHASE_STRIP = NO;
				DEBUG_INFORMATION_FORMAT = dwarf;
				ENABLE_STRICT_OBJC_MSGSEND = YES;
				ENABLE_TESTABILITY = YES;
				GCC_C_LANGUAGE_STANDARD = gnu99;
				GCC_DYNAMIC_NO_PIC = NO;
				GCC_NO_COMMON_BLOCKS = YES;
				GCC_OPTIMIZATION_LEVEL = 0;
				GCC_PREPROCESSOR_DEFINITIONS = (
					"DEBUG=1",
					"$(inherited)",
				);
				GCC_WARN_64_TO_32_BIT_CONVERSION = YES;
				GCC_WARN_ABOUT_RETURN_TYPE = YES_ERROR;
				GCC_WARN_UNDECLARED_SELECTOR = YES;
				GCC_WARN_UNINITIALIZED_AUTOS = YES_AGGRESSIVE;
				GCC_WARN_UNUSED_FUNCTION = YES;
				GCC_WARN_UNUSED_VARIABLE = YES;
				IPHONEOS_DEPLOYMENT_TARGET = 10.3;
				MTL_ENABLE_DEBUG_INFO = YES;
				ONLY_ACTIVE_ARCH = YES;
				SDKROOT = iphoneos;
			};
			name = Debug;
		};
		32F09A5D1F6129BE00264EAC /* Release */ = {
			isa = XCBuildConfiguration;
			buildSettings = {
				ALWAYS_SEARCH_USER_PATHS = NO;
				CLANG_ANALYZER_NONNULL = YES;
				CLANG_ANALYZER_NUMBER_OBJECT_CONVERSION = YES_AGGRESSIVE;
				CLANG_CXX_LANGUAGE_STANDARD = "gnu++0x";
				CLANG_CXX_LIBRARY = "libc++";
				CLANG_ENABLE_MODULES = YES;
				CLANG_ENABLE_OBJC_ARC = YES;
				CLANG_WARN_BOOL_CONVERSION = YES;
				CLANG_WARN_CONSTANT_CONVERSION = YES;
				CLANG_WARN_DIRECT_OBJC_ISA_USAGE = YES_ERROR;
				CLANG_WARN_DOCUMENTATION_COMMENTS = YES;
				CLANG_WARN_EMPTY_BODY = YES;
				CLANG_WARN_ENUM_CONVERSION = YES;
				CLANG_WARN_INFINITE_RECURSION = YES;
				CLANG_WARN_INT_CONVERSION = YES;
				CLANG_WARN_OBJC_ROOT_CLASS = YES_ERROR;
				CLANG_WARN_SUSPICIOUS_MOVE = YES;
				CLANG_WARN_UNREACHABLE_CODE = YES;
				CLANG_WARN__DUPLICATE_METHOD_MATCH = YES;
				"CODE_SIGN_IDENTITY[sdk=iphoneos*]" = "iPhone Developer";
				COPY_PHASE_STRIP = NO;
				DEBUG_INFORMATION_FORMAT = "dwarf-with-dsym";
				ENABLE_NS_ASSERTIONS = NO;
				ENABLE_STRICT_OBJC_MSGSEND = YES;
				GCC_C_LANGUAGE_STANDARD = gnu99;
				GCC_NO_COMMON_BLOCKS = YES;
				GCC_WARN_64_TO_32_BIT_CONVERSION = YES;
				GCC_WARN_ABOUT_RETURN_TYPE = YES_ERROR;
				GCC_WARN_UNDECLARED_SELECTOR = YES;
				GCC_WARN_UNINITIALIZED_AUTOS = YES_AGGRESSIVE;
				GCC_WARN_UNUSED_FUNCTION = YES;
				GCC_WARN_UNUSED_VARIABLE = YES;
				IPHONEOS_DEPLOYMENT_TARGET = 10.3;
				MTL_ENABLE_DEBUG_INFO = NO;
				SDKROOT = iphoneos;
				VALIDATE_PRODUCT = YES;
			};
			name = Release;
		};
		32F09A5F1F6129BE00264EAC /* Debug */ = {
			isa = XCBuildConfiguration;
			baseConfigurationReference = C0B6D7B182BCAD8D3CB34475 /* Pods-WVRAPIService.debug.xcconfig */;
			buildSettings = {
				ASSETCATALOG_COMPILER_APPICON_NAME = AppIcon;
				DEVELOPMENT_TEAM = L6EYUBTRJ5;
				INFOPLIST_FILE = WVRAPIService/Info.plist;
				LD_RUNPATH_SEARCH_PATHS = "$(inherited) @executable_path/Frameworks";
				PRODUCT_BUNDLE_IDENTIFIER = com.snailvr.WVRAPIService;
				PRODUCT_NAME = "$(TARGET_NAME)";
			};
			name = Debug;
		};
		32F09A601F6129BE00264EAC /* Release */ = {
			isa = XCBuildConfiguration;
			baseConfigurationReference = 16CAE34C9700F81913F42840 /* Pods-WVRAPIService.release.xcconfig */;
			buildSettings = {
				ASSETCATALOG_COMPILER_APPICON_NAME = AppIcon;
				DEVELOPMENT_TEAM = L6EYUBTRJ5;
				INFOPLIST_FILE = WVRAPIService/Info.plist;
				LD_RUNPATH_SEARCH_PATHS = "$(inherited) @executable_path/Frameworks";
				PRODUCT_BUNDLE_IDENTIFIER = com.snailvr.WVRAPIService;
				PRODUCT_NAME = "$(TARGET_NAME)";
			};
			name = Release;
		};
		32F09A621F6129BE00264EAC /* Debug */ = {
			isa = XCBuildConfiguration;
			buildSettings = {
				BUNDLE_LOADER = "$(TEST_HOST)";
				DEVELOPMENT_TEAM = L6EYUBTRJ5;
				INFOPLIST_FILE = WVRAPIServiceTests/Info.plist;
				LD_RUNPATH_SEARCH_PATHS = "$(inherited) @executable_path/Frameworks @loader_path/Frameworks";
				PRODUCT_BUNDLE_IDENTIFIER = com.snailvr.WVRAPIServiceTests;
				PRODUCT_NAME = "$(TARGET_NAME)";
				TEST_HOST = "$(BUILT_PRODUCTS_DIR)/WVRAPIService.app/WVRAPIService";
			};
			name = Debug;
		};
		32F09A631F6129BE00264EAC /* Release */ = {
			isa = XCBuildConfiguration;
			buildSettings = {
				BUNDLE_LOADER = "$(TEST_HOST)";
				DEVELOPMENT_TEAM = L6EYUBTRJ5;
				INFOPLIST_FILE = WVRAPIServiceTests/Info.plist;
				LD_RUNPATH_SEARCH_PATHS = "$(inherited) @executable_path/Frameworks @loader_path/Frameworks";
				PRODUCT_BUNDLE_IDENTIFIER = com.snailvr.WVRAPIServiceTests;
				PRODUCT_NAME = "$(TARGET_NAME)";
				TEST_HOST = "$(BUILT_PRODUCTS_DIR)/WVRAPIService.app/WVRAPIService";
			};
			name = Release;
		};
		32F09A651F6129BE00264EAC /* Debug */ = {
			isa = XCBuildConfiguration;
			buildSettings = {
				DEVELOPMENT_TEAM = L6EYUBTRJ5;
				INFOPLIST_FILE = WVRAPIServiceUITests/Info.plist;
				LD_RUNPATH_SEARCH_PATHS = "$(inherited) @executable_path/Frameworks @loader_path/Frameworks";
				PRODUCT_BUNDLE_IDENTIFIER = com.snailvr.WVRAPIServiceUITests;
				PRODUCT_NAME = "$(TARGET_NAME)";
				TEST_TARGET_NAME = WVRAPIService;
			};
			name = Debug;
		};
		32F09A661F6129BE00264EAC /* Release */ = {
			isa = XCBuildConfiguration;
			buildSettings = {
				DEVELOPMENT_TEAM = L6EYUBTRJ5;
				INFOPLIST_FILE = WVRAPIServiceUITests/Info.plist;
				LD_RUNPATH_SEARCH_PATHS = "$(inherited) @executable_path/Frameworks @loader_path/Frameworks";
				PRODUCT_BUNDLE_IDENTIFIER = com.snailvr.WVRAPIServiceUITests;
				PRODUCT_NAME = "$(TARGET_NAME)";
				TEST_TARGET_NAME = WVRAPIService;
			};
			name = Release;
		};
/* End XCBuildConfiguration section */

/* Begin XCConfigurationList section */
		32F09A2C1F6129BE00264EAC /* Build configuration list for PBXProject "WVRAPIService" */ = {
			isa = XCConfigurationList;
			buildConfigurations = (
				32F09A5C1F6129BE00264EAC /* Debug */,
				32F09A5D1F6129BE00264EAC /* Release */,
			);
			defaultConfigurationIsVisible = 0;
			defaultConfigurationName = Release;
		};
		32F09A5E1F6129BE00264EAC /* Build configuration list for PBXNativeTarget "WVRAPIService" */ = {
			isa = XCConfigurationList;
			buildConfigurations = (
				32F09A5F1F6129BE00264EAC /* Debug */,
				32F09A601F6129BE00264EAC /* Release */,
			);
			defaultConfigurationIsVisible = 0;
		};
		32F09A611F6129BE00264EAC /* Build configuration list for PBXNativeTarget "WVRAPIServiceTests" */ = {
			isa = XCConfigurationList;
			buildConfigurations = (
				32F09A621F6129BE00264EAC /* Debug */,
				32F09A631F6129BE00264EAC /* Release */,
			);
			defaultConfigurationIsVisible = 0;
		};
		32F09A641F6129BE00264EAC /* Build configuration list for PBXNativeTarget "WVRAPIServiceUITests" */ = {
			isa = XCConfigurationList;
			buildConfigurations = (
				32F09A651F6129BE00264EAC /* Debug */,
				32F09A661F6129BE00264EAC /* Release */,
			);
			defaultConfigurationIsVisible = 0;
		};
/* End XCConfigurationList section */
	};
	rootObject = 32F09A291F6129BE00264EAC /* Project object */;
}
