// !$*UTF8*$!
{
	archiveVersion = 1;
	classes = {
	};
	objectVersion = 46;
	objects = {

/* Begin PBXBuildFile section */
		195361991F14AECD008B203E /* main.m in Sources */ = {isa = PBXBuildFile; fileRef = 195361981F14AECD008B203E /* main.m */; };
		1953619C1F14AECD008B203E /* AppDelegate.m in Sources */ = {isa = PBXBuildFile; fileRef = 1953619B1F14AECD008B203E /* AppDelegate.m */; };
		1953619F1F14AECD008B203E /* ViewController.m in Sources */ = {isa = PBXBuildFile; fileRef = 1953619E1F14AECD008B203E /* ViewController.m */; };
		195361A21F14AECD008B203E /* Main.storyboard in Resources */ = {isa = PBXBuildFile; fileRef = 195361A01F14AECD008B203E /* Main.storyboard */; };
		195361A51F14AECD008B203E /* WVRMediator.xcdatamodeld in Sources */ = {isa = PBXBuildFile; fileRef = 195361A31F14AECD008B203E /* WVRMediator.xcdatamodeld */; };
		195361A71F14AECD008B203E /* Assets.xcassets in Resources */ = {isa = PBXBuildFile; fileRef = 195361A61F14AECD008B203E /* Assets.xcassets */; };
		195361AA1F14AECD008B203E /* LaunchScreen.storyboard in Resources */ = {isa = PBXBuildFile; fileRef = 195361A81F14AECD008B203E /* LaunchScreen.storyboard */; };
		195361B51F14AECD008B203E /* WVRMediatorTests.m in Sources */ = {isa = PBXBuildFile; fileRef = 195361B41F14AECD008B203E /* WVRMediatorTests.m */; };
		195361C01F14AECD008B203E /* WVRMediatorUITests.m in Sources */ = {isa = PBXBuildFile; fileRef = 195361BF1F14AECD008B203E /* WVRMediatorUITests.m */; };
		19F12AEC1F173B40008ED657 /* WVRMediator.podspec in Resources */ = {isa = PBXBuildFile; fileRef = 19F12AEB1F173B40008ED657 /* WVRMediator.podspec */; };
		3225DB481F67D8D300425475 /* WVRMediator+Launcher.m in Sources */ = {isa = PBXBuildFile; fileRef = 3225DB471F67D8D300425475 /* WVRMediator+Launcher.m */; };
		3225DB621F6919DB00425475 /* WVRMediator+Danmu.m in Sources */ = {isa = PBXBuildFile; fileRef = 3225DB611F6919DB00425475 /* WVRMediator+Danmu.m */; };
		32867E201F5A75EB007AFA6F /* WVRMediator+AccountActions.m in Sources */ = {isa = PBXBuildFile; fileRef = 32867E111F5A75EB007AFA6F /* WVRMediator+AccountActions.m */; };
		32867E211F5A75EB007AFA6F /* WVRMediator.m in Sources */ = {isa = PBXBuildFile; fileRef = 32867E131F5A75EB007AFA6F /* WVRMediator.m */; };
		32867E221F5A75EB007AFA6F /* WVRMediator+PayActions.m in Sources */ = {isa = PBXBuildFile; fileRef = 32867E161F5A75EB007AFA6F /* WVRMediator+PayActions.m */; };
		32867E231F5A75EB007AFA6F /* WVRMediator+ProgramActions.m in Sources */ = {isa = PBXBuildFile; fileRef = 32867E191F5A75EB007AFA6F /* WVRMediator+ProgramActions.m */; };
		32867E241F5A75EB007AFA6F /* WVRMediator+SettingActions.m in Sources */ = {isa = PBXBuildFile; fileRef = 32867E1C1F5A75EB007AFA6F /* WVRMediator+SettingActions.m */; };
		32867E251F5A75EB007AFA6F /* WVRMediator+UnityActions.m in Sources */ = {isa = PBXBuildFile; fileRef = 32867E1F1F5A75EB007AFA6F /* WVRMediator+UnityActions.m */; };
		68E6D0ED07358052CFC6305A /* libPods-WVRMediator.a in Frameworks */ = {isa = PBXBuildFile; fileRef = F3D411CCBA9F6CCC26FA9830 /* libPods-WVRMediator.a */; };
/* End PBXBuildFile section */

/* Begin PBXContainerItemProxy section */
		195361B11F14AECD008B203E /* PBXContainerItemProxy */ = {
			isa = PBXContainerItemProxy;
			containerPortal = 1953618C1F14AECD008B203E /* Project object */;
			proxyType = 1;
			remoteGlobalIDString = 195361931F14AECD008B203E;
			remoteInfo = WVRMediator;
		};
		195361BC1F14AECD008B203E /* PBXContainerItemProxy */ = {
			isa = PBXContainerItemProxy;
			containerPortal = 1953618C1F14AECD008B203E /* Project object */;
			proxyType = 1;
			remoteGlobalIDString = 195361931F14AECD008B203E;
			remoteInfo = WVRMediator;
		};
/* End PBXContainerItemProxy section */

/* Begin PBXFileReference section */
		195361941F14AECD008B203E /* WVRMediator.app */ = {isa = PBXFileReference; explicitFileType = wrapper.application; includeInIndex = 0; path = WVRMediator.app; sourceTree = BUILT_PRODUCTS_DIR; };
		195361981F14AECD008B203E /* main.m */ = {isa = PBXFileReference; lastKnownFileType = sourcecode.c.objc; path = main.m; sourceTree = "<group>"; };
		1953619A1F14AECD008B203E /* AppDelegate.h */ = {isa = PBXFileReference; lastKnownFileType = sourcecode.c.h; path = AppDelegate.h; sourceTree = "<group>"; };
		1953619B1F14AECD008B203E /* AppDelegate.m */ = {isa = PBXFileReference; lastKnownFileType = sourcecode.c.objc; path = AppDelegate.m; sourceTree = "<group>"; };
		1953619D1F14AECD008B203E /* ViewController.h */ = {isa = PBXFileReference; lastKnownFileType = sourcecode.c.h; path = ViewController.h; sourceTree = "<group>"; };
		1953619E1F14AECD008B203E /* ViewController.m */ = {isa = PBXFileReference; lastKnownFileType = sourcecode.c.objc; path = ViewController.m; sourceTree = "<group>"; };
		195361A11F14AECD008B203E /* Base */ = {isa = PBXFileReference; lastKnownFileType = file.storyboard; name = Base; path = Base.lproj/Main.storyboard; sourceTree = "<group>"; };
		195361A41F14AECD008B203E /* WVRMediator.xcdatamodel */ = {isa = PBXFileReference; lastKnownFileType = wrapper.xcdatamodel; path = WVRMediator.xcdatamodel; sourceTree = "<group>"; };
		195361A61F14AECD008B203E /* Assets.xcassets */ = {isa = PBXFileReference; lastKnownFileType = folder.assetcatalog; path = Assets.xcassets; sourceTree = "<group>"; };
		195361A91F14AECD008B203E /* Base */ = {isa = PBXFileReference; lastKnownFileType = file.storyboard; name = Base; path = Base.lproj/LaunchScreen.storyboard; sourceTree = "<group>"; };
		195361AB1F14AECD008B203E /* Info.plist */ = {isa = PBXFileReference; lastKnownFileType = text.plist.xml; path = Info.plist; sourceTree = "<group>"; };
		195361B01F14AECD008B203E /* WVRMediatorTests.xctest */ = {isa = PBXFileReference; explicitFileType = wrapper.cfbundle; includeInIndex = 0; path = WVRMediatorTests.xctest; sourceTree = BUILT_PRODUCTS_DIR; };
		195361B41F14AECD008B203E /* WVRMediatorTests.m */ = {isa = PBXFileReference; lastKnownFileType = sourcecode.c.objc; path = WVRMediatorTests.m; sourceTree = "<group>"; };
		195361B61F14AECD008B203E /* Info.plist */ = {isa = PBXFileReference; lastKnownFileType = text.plist.xml; path = Info.plist; sourceTree = "<group>"; };
		195361BB1F14AECD008B203E /* WVRMediatorUITests.xctest */ = {isa = PBXFileReference; explicitFileType = wrapper.cfbundle; includeInIndex = 0; path = WVRMediatorUITests.xctest; sourceTree = BUILT_PRODUCTS_DIR; };
		195361BF1F14AECD008B203E /* WVRMediatorUITests.m */ = {isa = PBXFileReference; lastKnownFileType = sourcecode.c.objc; path = WVRMediatorUITests.m; sourceTree = "<group>"; };
		195361C11F14AECD008B203E /* Info.plist */ = {isa = PBXFileReference; lastKnownFileType = text.plist.xml; path = Info.plist; sourceTree = "<group>"; };
		19F12AEB1F173B40008ED657 /* WVRMediator.podspec */ = {isa = PBXFileReference; fileEncoding = 4; lastKnownFileType = text; path = WVRMediator.podspec; sourceTree = "<group>"; };
		3225DB461F67D8D300425475 /* WVRMediator+Launcher.h */ = {isa = PBXFileReference; fileEncoding = 4; lastKnownFileType = sourcecode.c.h; path = "WVRMediator+Launcher.h"; sourceTree = "<group>"; };
		3225DB471F67D8D300425475 /* WVRMediator+Launcher.m */ = {isa = PBXFileReference; fileEncoding = 4; lastKnownFileType = sourcecode.c.objc; path = "WVRMediator+Launcher.m"; sourceTree = "<group>"; };
		3225DB601F6919DB00425475 /* WVRMediator+Danmu.h */ = {isa = PBXFileReference; fileEncoding = 4; lastKnownFileType = sourcecode.c.h; path = "WVRMediator+Danmu.h"; sourceTree = "<group>"; };
		3225DB611F6919DB00425475 /* WVRMediator+Danmu.m */ = {isa = PBXFileReference; fileEncoding = 4; lastKnownFileType = sourcecode.c.objc; path = "WVRMediator+Danmu.m"; sourceTree = "<group>"; };
		32867E101F5A75EB007AFA6F /* WVRMediator+AccountActions.h */ = {isa = PBXFileReference; fileEncoding = 4; lastKnownFileType = sourcecode.c.h; path = "WVRMediator+AccountActions.h"; sourceTree = "<group>"; };
		32867E111F5A75EB007AFA6F /* WVRMediator+AccountActions.m */ = {isa = PBXFileReference; fileEncoding = 4; lastKnownFileType = sourcecode.c.objc; path = "WVRMediator+AccountActions.m"; sourceTree = "<group>"; };
		32867E121F5A75EB007AFA6F /* WVRMediator.h */ = {isa = PBXFileReference; fileEncoding = 4; lastKnownFileType = sourcecode.c.h; path = WVRMediator.h; sourceTree = "<group>"; };
		32867E131F5A75EB007AFA6F /* WVRMediator.m */ = {isa = PBXFileReference; fileEncoding = 4; lastKnownFileType = sourcecode.c.objc; path = WVRMediator.m; sourceTree = "<group>"; };
		32867E151F5A75EB007AFA6F /* WVRMediator+PayActions.h */ = {isa = PBXFileReference; fileEncoding = 4; lastKnownFileType = sourcecode.c.h; path = "WVRMediator+PayActions.h"; sourceTree = "<group>"; };
		32867E161F5A75EB007AFA6F /* WVRMediator+PayActions.m */ = {isa = PBXFileReference; fileEncoding = 4; lastKnownFileType = sourcecode.c.objc; path = "WVRMediator+PayActions.m"; sourceTree = "<group>"; };
		32867E181F5A75EB007AFA6F /* WVRMediator+ProgramActions.h */ = {isa = PBXFileReference; fileEncoding = 4; lastKnownFileType = sourcecode.c.h; path = "WVRMediator+ProgramActions.h"; sourceTree = "<group>"; };
		32867E191F5A75EB007AFA6F /* WVRMediator+ProgramActions.m */ = {isa = PBXFileReference; fileEncoding = 4; lastKnownFileType = sourcecode.c.objc; path = "WVRMediator+ProgramActions.m"; sourceTree = "<group>"; };
		32867E1B1F5A75EB007AFA6F /* WVRMediator+SettingActions.h */ = {isa = PBXFileReference; fileEncoding = 4; lastKnownFileType = sourcecode.c.h; path = "WVRMediator+SettingActions.h"; sourceTree = "<group>"; };
		32867E1C1F5A75EB007AFA6F /* WVRMediator+SettingActions.m */ = {isa = PBXFileReference; fileEncoding = 4; lastKnownFileType = sourcecode.c.objc; path = "WVRMediator+SettingActions.m"; sourceTree = "<group>"; };
		32867E1E1F5A75EB007AFA6F /* WVRMediator+UnityActions.h */ = {isa = PBXFileReference; fileEncoding = 4; lastKnownFileType = sourcecode.c.h; path = "WVRMediator+UnityActions.h"; sourceTree = "<group>"; };
		32867E1F1F5A75EB007AFA6F /* WVRMediator+UnityActions.m */ = {isa = PBXFileReference; fileEncoding = 4; lastKnownFileType = sourcecode.c.objc; path = "WVRMediator+UnityActions.m"; sourceTree = "<group>"; };
		A3542A5641C8A1A23C9934E1 /* Pods-WVRMediator.debug.xcconfig */ = {isa = PBXFileReference; includeInIndex = 1; lastKnownFileType = text.xcconfig; name = "Pods-WVRMediator.debug.xcconfig"; path = "Pods/Target Support Files/Pods-WVRMediator/Pods-WVRMediator.debug.xcconfig"; sourceTree = "<group>"; };
		DD748AD89AF44DDCD06A2F7D /* Pods-WVRMediator.release.xcconfig */ = {isa = PBXFileReference; includeInIndex = 1; lastKnownFileType = text.xcconfig; name = "Pods-WVRMediator.release.xcconfig"; path = "Pods/Target Support Files/Pods-WVRMediator/Pods-WVRMediator.release.xcconfig"; sourceTree = "<group>"; };
		F3D411CCBA9F6CCC26FA9830 /* libPods-WVRMediator.a */ = {isa = PBXFileReference; explicitFileType = archive.ar; includeInIndex = 0; path = "libPods-WVRMediator.a"; sourceTree = BUILT_PRODUCTS_DIR; };
/* End PBXFileReference section */

/* Begin PBXFrameworksBuildPhase section */
		195361911F14AECD008B203E /* Frameworks */ = {
			isa = PBXFrameworksBuildPhase;
			buildActionMask = 2147483647;
			files = (
				68E6D0ED07358052CFC6305A /* libPods-WVRMediator.a in Frameworks */,
			);
			runOnlyForDeploymentPostprocessing = 0;
		};
		195361AD1F14AECD008B203E /* Frameworks */ = {
			isa = PBXFrameworksBuildPhase;
			buildActionMask = 2147483647;
			files = (
			);
			runOnlyForDeploymentPostprocessing = 0;
		};
		195361B81F14AECD008B203E /* Frameworks */ = {
			isa = PBXFrameworksBuildPhase;
			buildActionMask = 2147483647;
			files = (
			);
			runOnlyForDeploymentPostprocessing = 0;
		};
/* End PBXFrameworksBuildPhase section */

/* Begin PBXGroup section */
		1953618B1F14AECD008B203E = {
			isa = PBXGroup;
			children = (
				19F12AEB1F173B40008ED657 /* WVRMediator.podspec */,
				195361961F14AECD008B203E /* WVRMediator */,
				195361B31F14AECD008B203E /* WVRMediatorTests */,
				195361BE1F14AECD008B203E /* WVRMediatorUITests */,
				195361951F14AECD008B203E /* Products */,
				76FD185403CFD7668A2FF4BC /* Pods */,
				3D9323D3A16FBC92A0A7AF5D /* Frameworks */,
			);
			sourceTree = "<group>";
		};
		195361951F14AECD008B203E /* Products */ = {
			isa = PBXGroup;
			children = (
				195361941F14AECD008B203E /* WVRMediator.app */,
				195361B01F14AECD008B203E /* WVRMediatorTests.xctest */,
				195361BB1F14AECD008B203E /* WVRMediatorUITests.xctest */,
			);
			name = Products;
			sourceTree = "<group>";
		};
		195361961F14AECD008B203E /* WVRMediator */ = {
			isa = PBXGroup;
			children = (
				32867E0E1F5A75EB007AFA6F /* Classes */,
				1953619A1F14AECD008B203E /* AppDelegate.h */,
				1953619B1F14AECD008B203E /* AppDelegate.m */,
				1953619D1F14AECD008B203E /* ViewController.h */,
				1953619E1F14AECD008B203E /* ViewController.m */,
				195361A01F14AECD008B203E /* Main.storyboard */,
				195361A61F14AECD008B203E /* Assets.xcassets */,
				195361A81F14AECD008B203E /* LaunchScreen.storyboard */,
				195361AB1F14AECD008B203E /* Info.plist */,
				195361A31F14AECD008B203E /* WVRMediator.xcdatamodeld */,
				195361971F14AECD008B203E /* Supporting Files */,
			);
			path = WVRMediator;
			sourceTree = "<group>";
		};
		195361971F14AECD008B203E /* Supporting Files */ = {
			isa = PBXGroup;
			children = (
				195361981F14AECD008B203E /* main.m */,
			);
			name = "Supporting Files";
			sourceTree = "<group>";
		};
		195361B31F14AECD008B203E /* WVRMediatorTests */ = {
			isa = PBXGroup;
			children = (
				195361B41F14AECD008B203E /* WVRMediatorTests.m */,
				195361B61F14AECD008B203E /* Info.plist */,
			);
			path = WVRMediatorTests;
			sourceTree = "<group>";
		};
		195361BE1F14AECD008B203E /* WVRMediatorUITests */ = {
			isa = PBXGroup;
			children = (
				195361BF1F14AECD008B203E /* WVRMediatorUITests.m */,
				195361C11F14AECD008B203E /* Info.plist */,
			);
			path = WVRMediatorUITests;
			sourceTree = "<group>";
		};
		3225DB451F67D8BA00425475 /* WVRLauncher */ = {
			isa = PBXGroup;
			children = (
				3225DB461F67D8D300425475 /* WVRMediator+Launcher.h */,
				3225DB471F67D8D300425475 /* WVRMediator+Launcher.m */,
			);
			path = WVRLauncher;
			sourceTree = "<group>";
		};
		3225DB5F1F6919CB00425475 /* WVRDanmu */ = {
			isa = PBXGroup;
			children = (
				3225DB601F6919DB00425475 /* WVRMediator+Danmu.h */,
				3225DB611F6919DB00425475 /* WVRMediator+Danmu.m */,
			);
			path = WVRDanmu;
			sourceTree = "<group>";
		};
		32867E0E1F5A75EB007AFA6F /* Classes */ = {
			isa = PBXGroup;
			children = (
				32867E121F5A75EB007AFA6F /* WVRMediator.h */,
				32867E131F5A75EB007AFA6F /* WVRMediator.m */,
				3225DB5F1F6919CB00425475 /* WVRDanmu */,
				3225DB451F67D8BA00425475 /* WVRLauncher */,
				32867E0F1F5A75EB007AFA6F /* WVRAccount */,
				32867E141F5A75EB007AFA6F /* WVRPay */,
				32867E171F5A75EB007AFA6F /* WVRProgram */,
				32867E1A1F5A75EB007AFA6F /* WVRSetting */,
				32867E1D1F5A75EB007AFA6F /* WVRUnity */,
			);
			path = Classes;
			sourceTree = "<group>";
		};
		32867E0F1F5A75EB007AFA6F /* WVRAccount */ = {
			isa = PBXGroup;
			children = (
				32867E101F5A75EB007AFA6F /* WVRMediator+AccountActions.h */,
				32867E111F5A75EB007AFA6F /* WVRMediator+AccountActions.m */,
			);
			path = WVRAccount;
			sourceTree = "<group>";
		};
		32867E141F5A75EB007AFA6F /* WVRPay */ = {
			isa = PBXGroup;
			children = (
				32867E151F5A75EB007AFA6F /* WVRMediator+PayActions.h */,
				32867E161F5A75EB007AFA6F /* WVRMediator+PayActions.m */,
			);
			path = WVRPay;
			sourceTree = "<group>";
		};
		32867E171F5A75EB007AFA6F /* WVRProgram */ = {
			isa = PBXGroup;
			children = (
				32867E181F5A75EB007AFA6F /* WVRMediator+ProgramActions.h */,
				32867E191F5A75EB007AFA6F /* WVRMediator+ProgramActions.m */,
			);
			path = WVRProgram;
			sourceTree = "<group>";
		};
		32867E1A1F5A75EB007AFA6F /* WVRSetting */ = {
			isa = PBXGroup;
			children = (
				32867E1B1F5A75EB007AFA6F /* WVRMediator+SettingActions.h */,
				32867E1C1F5A75EB007AFA6F /* WVRMediator+SettingActions.m */,
			);
			path = WVRSetting;
			sourceTree = "<group>";
		};
		32867E1D1F5A75EB007AFA6F /* WVRUnity */ = {
			isa = PBXGroup;
			children = (
				32867E1E1F5A75EB007AFA6F /* WVRMediator+UnityActions.h */,
				32867E1F1F5A75EB007AFA6F /* WVRMediator+UnityActions.m */,
			);
			path = WVRUnity;
			sourceTree = "<group>";
		};
		3D9323D3A16FBC92A0A7AF5D /* Frameworks */ = {
			isa = PBXGroup;
			children = (
				F3D411CCBA9F6CCC26FA9830 /* libPods-WVRMediator.a */,
			);
			name = Frameworks;
			sourceTree = "<group>";
		};
		76FD185403CFD7668A2FF4BC /* Pods */ = {
			isa = PBXGroup;
			children = (
				A3542A5641C8A1A23C9934E1 /* Pods-WVRMediator.debug.xcconfig */,
				DD748AD89AF44DDCD06A2F7D /* Pods-WVRMediator.release.xcconfig */,
			);
			name = Pods;
			sourceTree = "<group>";
		};
/* End PBXGroup section */

/* Begin PBXNativeTarget section */
		195361931F14AECD008B203E /* WVRMediator */ = {
			isa = PBXNativeTarget;
			buildConfigurationList = 195361C41F14AECD008B203E /* Build configuration list for PBXNativeTarget "WVRMediator" */;
			buildPhases = (
				5E72605A40FD713ECC82AAAF /* [CP] Check Pods Manifest.lock */,
				195361901F14AECD008B203E /* Sources */,
				195361911F14AECD008B203E /* Frameworks */,
				195361921F14AECD008B203E /* Resources */,
				0A63CD378A1C38E7360282D3 /* [CP] Embed Pods Frameworks */,
				780EB48861B0A5B893A40F15 /* [CP] Copy Pods Resources */,
			);
			buildRules = (
			);
			dependencies = (
			);
			name = WVRMediator;
			productName = WVRMediator;
			productReference = 195361941F14AECD008B203E /* WVRMediator.app */;
			productType = "com.apple.product-type.application";
		};
		195361AF1F14AECD008B203E /* WVRMediatorTests */ = {
			isa = PBXNativeTarget;
			buildConfigurationList = 195361C71F14AECD008B203E /* Build configuration list for PBXNativeTarget "WVRMediatorTests" */;
			buildPhases = (
				195361AC1F14AECD008B203E /* Sources */,
				195361AD1F14AECD008B203E /* Frameworks */,
				195361AE1F14AECD008B203E /* Resources */,
			);
			buildRules = (
			);
			dependencies = (
				195361B21F14AECD008B203E /* PBXTargetDependency */,
			);
			name = WVRMediatorTests;
			productName = WVRMediatorTests;
			productReference = 195361B01F14AECD008B203E /* WVRMediatorTests.xctest */;
			productType = "com.apple.product-type.bundle.unit-test";
		};
		195361BA1F14AECD008B203E /* WVRMediatorUITests */ = {
			isa = PBXNativeTarget;
			buildConfigurationList = 195361CA1F14AECD008B203E /* Build configuration list for PBXNativeTarget "WVRMediatorUITests" */;
			buildPhases = (
				195361B71F14AECD008B203E /* Sources */,
				195361B81F14AECD008B203E /* Frameworks */,
				195361B91F14AECD008B203E /* Resources */,
			);
			buildRules = (
			);
			dependencies = (
				195361BD1F14AECD008B203E /* PBXTargetDependency */,
			);
			name = WVRMediatorUITests;
			productName = WVRMediatorUITests;
			productReference = 195361BB1F14AECD008B203E /* WVRMediatorUITests.xctest */;
			productType = "com.apple.product-type.bundle.ui-testing";
		};
/* End PBXNativeTarget section */

/* Begin PBXProject section */
		1953618C1F14AECD008B203E /* Project object */ = {
			isa = PBXProject;
			attributes = {
				LastUpgradeCheck = 0820;
				ORGANIZATIONNAME = WhaleyVR;
				TargetAttributes = {
					195361931F14AECD008B203E = {
						CreatedOnToolsVersion = 8.2.1;
						DevelopmentTeam = L6EYUBTRJ5;
						ProvisioningStyle = Automatic;
					};
					195361AF1F14AECD008B203E = {
						CreatedOnToolsVersion = 8.2.1;
						DevelopmentTeam = L6EYUBTRJ5;
						ProvisioningStyle = Automatic;
						TestTargetID = 195361931F14AECD008B203E;
					};
					195361BA1F14AECD008B203E = {
						CreatedOnToolsVersion = 8.2.1;
						DevelopmentTeam = L6EYUBTRJ5;
						ProvisioningStyle = Automatic;
						TestTargetID = 195361931F14AECD008B203E;
					};
				};
			};
			buildConfigurationList = 1953618F1F14AECD008B203E /* Build configuration list for PBXProject "WVRMediator" */;
			compatibilityVersion = "Xcode 3.2";
			developmentRegion = English;
			hasScannedForEncodings = 0;
			knownRegions = (
				en,
				Base,
			);
			mainGroup = 1953618B1F14AECD008B203E;
			productRefGroup = 195361951F14AECD008B203E /* Products */;
			projectDirPath = "";
			projectRoot = "";
			targets = (
				195361931F14AECD008B203E /* WVRMediator */,
				195361AF1F14AECD008B203E /* WVRMediatorTests */,
				195361BA1F14AECD008B203E /* WVRMediatorUITests */,
			);
		};
/* End PBXProject section */

/* Begin PBXResourcesBuildPhase section */
		195361921F14AECD008B203E /* Resources */ = {
			isa = PBXResourcesBuildPhase;
			buildActionMask = 2147483647;
			files = (
				195361AA1F14AECD008B203E /* LaunchScreen.storyboard in Resources */,
				195361A71F14AECD008B203E /* Assets.xcassets in Resources */,
				195361A21F14AECD008B203E /* Main.storyboard in Resources */,
				19F12AEC1F173B40008ED657 /* WVRMediator.podspec in Resources */,
			);
			runOnlyForDeploymentPostprocessing = 0;
		};
		195361AE1F14AECD008B203E /* Resources */ = {
			isa = PBXResourcesBuildPhase;
			buildActionMask = 2147483647;
			files = (
			);
			runOnlyForDeploymentPostprocessing = 0;
		};
		195361B91F14AECD008B203E /* Resources */ = {
			isa = PBXResourcesBuildPhase;
			buildActionMask = 2147483647;
			files = (
			);
			runOnlyForDeploymentPostprocessing = 0;
		};
/* End PBXResourcesBuildPhase section */

/* Begin PBXShellScriptBuildPhase section */
		0A63CD378A1C38E7360282D3 /* [CP] Embed Pods Frameworks */ = {
			isa = PBXShellScriptBuildPhase;
			buildActionMask = 2147483647;
			files = (
			);
			inputPaths = (
			);
			name = "[CP] Embed Pods Frameworks";
			outputPaths = (
			);
			runOnlyForDeploymentPostprocessing = 0;
			shellPath = /bin/sh;
			shellScript = "\"${SRCROOT}/Pods/Target Support Files/Pods-WVRMediator/Pods-WVRMediator-frameworks.sh\"\n";
			showEnvVarsInLog = 0;
		};
		5E72605A40FD713ECC82AAAF /* [CP] Check Pods Manifest.lock */ = {
			isa = PBXShellScriptBuildPhase;
			buildActionMask = 2147483647;
			files = (
			);
			inputPaths = (
				"${PODS_PODFILE_DIR_PATH}/Podfile.lock",
				"${PODS_ROOT}/Manifest.lock",
			);
			name = "[CP] Check Pods Manifest.lock";
			outputPaths = (
				"$(DERIVED_FILE_DIR)/Pods-WVRMediator-checkManifestLockResult.txt",
			);
			runOnlyForDeploymentPostprocessing = 0;
			shellPath = /bin/sh;
			shellScript = "diff \"${PODS_PODFILE_DIR_PATH}/Podfile.lock\" \"${PODS_ROOT}/Manifest.lock\" > /dev/null\nif [ $? != 0 ] ; then\n    # print error to STDERR\n    echo \"error: The sandbox is not in sync with the Podfile.lock. Run 'pod install' or update your CocoaPods installation.\" >&2\n    exit 1\nfi\n# This output is used by Xcode 'outputs' to avoid re-running this script phase.\necho \"SUCCESS\" > \"${SCRIPT_OUTPUT_FILE_0}\"\n";
			shellScript = "diff \"${PODS_PODFILE_DIR_PATH}/Podfile.lock\" \"${PODS_ROOT}/Manifest.lock\" > /dev/null\nif [ $? != 0 ] ; then\n    # print error to STDERR\n    echo \"error: The sandbox is not in sync with the Podfile.lock. Run 'pod install' or update your CocoaPods installation.\" >&2\n    exit 1\nfi\n";
			showEnvVarsInLog = 0;
		};
		780EB48861B0A5B893A40F15 /* [CP] Copy Pods Resources */ = {
			isa = PBXShellScriptBuildPhase;
			buildActionMask = 2147483647;
			files = (
			);
			inputPaths = (
			);
			name = "[CP] Copy Pods Resources";
			outputPaths = (
			);
			runOnlyForDeploymentPostprocessing = 0;
			shellPath = /bin/sh;
			shellScript = "\"${SRCROOT}/Pods/Target Support Files/Pods-WVRMediator/Pods-WVRMediator-resources.sh\"\n";
			showEnvVarsInLog = 0;
		};
/* End PBXShellScriptBuildPhase section */

/* Begin PBXSourcesBuildPhase section */
		195361901F14AECD008B203E /* Sources */ = {
			isa = PBXSourcesBuildPhase;
			buildActionMask = 2147483647;
			files = (
				195361A51F14AECD008B203E /* WVRMediator.xcdatamodeld in Sources */,
				3225DB481F67D8D300425475 /* WVRMediator+Launcher.m in Sources */,
				32867E251F5A75EB007AFA6F /* WVRMediator+UnityActions.m in Sources */,
				1953619F1F14AECD008B203E /* ViewController.m in Sources */,
				1953619C1F14AECD008B203E /* AppDelegate.m in Sources */,
				32867E211F5A75EB007AFA6F /* WVRMediator.m in Sources */,
				32867E201F5A75EB007AFA6F /* WVRMediator+AccountActions.m in Sources */,
				32867E221F5A75EB007AFA6F /* WVRMediator+PayActions.m in Sources */,
				32867E231F5A75EB007AFA6F /* WVRMediator+ProgramActions.m in Sources */,
				32867E241F5A75EB007AFA6F /* WVRMediator+SettingActions.m in Sources */,
				3225DB621F6919DB00425475 /* WVRMediator+Danmu.m in Sources */,
				195361991F14AECD008B203E /* main.m in Sources */,
			);
			runOnlyForDeploymentPostprocessing = 0;
		};
		195361AC1F14AECD008B203E /* Sources */ = {
			isa = PBXSourcesBuildPhase;
			buildActionMask = 2147483647;
			files = (
				195361B51F14AECD008B203E /* WVRMediatorTests.m in Sources */,
			);
			runOnlyForDeploymentPostprocessing = 0;
		};
		195361B71F14AECD008B203E /* Sources */ = {
			isa = PBXSourcesBuildPhase;
			buildActionMask = 2147483647;
			files = (
				195361C01F14AECD008B203E /* WVRMediatorUITests.m in Sources */,
			);
			runOnlyForDeploymentPostprocessing = 0;
		};
/* End PBXSourcesBuildPhase section */

/* Begin PBXTargetDependency section */
		195361B21F14AECD008B203E /* PBXTargetDependency */ = {
			isa = PBXTargetDependency;
			target = 195361931F14AECD008B203E /* WVRMediator */;
			targetProxy = 195361B11F14AECD008B203E /* PBXContainerItemProxy */;
		};
		195361BD1F14AECD008B203E /* PBXTargetDependency */ = {
			isa = PBXTargetDependency;
			target = 195361931F14AECD008B203E /* WVRMediator */;
			targetProxy = 195361BC1F14AECD008B203E /* PBXContainerItemProxy */;
		};
/* End PBXTargetDependency section */

/* Begin PBXVariantGroup section */
		195361A01F14AECD008B203E /* Main.storyboard */ = {
			isa = PBXVariantGroup;
			children = (
				195361A11F14AECD008B203E /* Base */,
			);
			name = Main.storyboard;
			sourceTree = "<group>";
		};
		195361A81F14AECD008B203E /* LaunchScreen.storyboard */ = {
			isa = PBXVariantGroup;
			children = (
				195361A91F14AECD008B203E /* Base */,
			);
			name = LaunchScreen.storyboard;
			sourceTree = "<group>";
		};
/* End PBXVariantGroup section */

/* Begin XCBuildConfiguration section */
		195361C21F14AECD008B203E /* Debug */ = {
			isa = XCBuildConfiguration;
			buildSettings = {
				ALWAYS_SEARCH_USER_PATHS = NO;
				CLANG_ANALYZER_NONNULL = YES;
				CLANG_CXX_LANGUAGE_STANDARD = "gnu++0x";
				CLANG_CXX_LIBRARY = "libc++";
				CLANG_ENABLE_MODULES = YES;
				CLANG_ENABLE_OBJC_ARC = YES;
				CLANG_WARN_BOOL_CONVERSION = YES;
				CLANG_WARN_CONSTANT_CONVERSION = YES;
				CLANG_WARN_DIRECT_OBJC_ISA_USAGE = YES_ERROR;
				CLANG_WARN_DOCUMENTATION_COMMENTS = YES;
				CLANG_WARN_EMPTY_BODY = YES;
				CLANG_WARN_ENUM_CONVERSION = YES;
				CLANG_WARN_INFINITE_RECURSION = YES;
				CLANG_WARN_INT_CONVERSION = YES;
				CLANG_WARN_OBJC_ROOT_CLASS = YES_ERROR;
				CLANG_WARN_SUSPICIOUS_MOVE = YES;
				CLANG_WARN_UNREACHABLE_CODE = YES;
				CLANG_WARN__DUPLICATE_METHOD_MATCH = YES;
				"CODE_SIGN_IDENTITY[sdk=iphoneos*]" = "iPhone Developer";
				COPY_PHASE_STRIP = NO;
				DEBUG_INFORMATION_FORMAT = dwarf;
				ENABLE_STRICT_OBJC_MSGSEND = YES;
				ENABLE_TESTABILITY = YES;
				GCC_C_LANGUAGE_STANDARD = gnu99;
				GCC_DYNAMIC_NO_PIC = NO;
				GCC_NO_COMMON_BLOCKS = YES;
				GCC_OPTIMIZATION_LEVEL = 0;
				GCC_PREPROCESSOR_DEFINITIONS = (
					"DEBUG=1",
					"$(inherited)",
				);
				GCC_WARN_64_TO_32_BIT_CONVERSION = YES;
				GCC_WARN_ABOUT_RETURN_TYPE = YES_ERROR;
				GCC_WARN_UNDECLARED_SELECTOR = YES;
				GCC_WARN_UNINITIALIZED_AUTOS = YES_AGGRESSIVE;
				GCC_WARN_UNUSED_FUNCTION = YES;
				GCC_WARN_UNUSED_VARIABLE = YES;
				IPHONEOS_DEPLOYMENT_TARGET = 10.2;
				MTL_ENABLE_DEBUG_INFO = YES;
				ONLY_ACTIVE_ARCH = YES;
				SDKROOT = iphoneos;
			};
			name = Debug;
		};
		195361C31F14AECD008B203E /* Release */ = {
			isa = XCBuildConfiguration;
			buildSettings = {
				ALWAYS_SEARCH_USER_PATHS = NO;
				CLANG_ANALYZER_NONNULL = YES;
				CLANG_CXX_LANGUAGE_STANDARD = "gnu++0x";
				CLANG_CXX_LIBRARY = "libc++";
				CLANG_ENABLE_MODULES = YES;
				CLANG_ENABLE_OBJC_ARC = YES;
				CLANG_WARN_BOOL_CONVERSION = YES;
				CLANG_WARN_CONSTANT_CONVERSION = YES;
				CLANG_WARN_DIRECT_OBJC_ISA_USAGE = YES_ERROR;
				CLANG_WARN_DOCUMENTATION_COMMENTS = YES;
				CLANG_WARN_EMPTY_BODY = YES;
				CLANG_WARN_ENUM_CONVERSION = YES;
				CLANG_WARN_INFINITE_RECURSION = YES;
				CLANG_WARN_INT_CONVERSION = YES;
				CLANG_WARN_OBJC_ROOT_CLASS = YES_ERROR;
				CLANG_WARN_SUSPICIOUS_MOVE = YES;
				CLANG_WARN_UNREACHABLE_CODE = YES;
				CLANG_WARN__DUPLICATE_METHOD_MATCH = YES;
				"CODE_SIGN_IDENTITY[sdk=iphoneos*]" = "iPhone Developer";
				COPY_PHASE_STRIP = NO;
				DEBUG_INFORMATION_FORMAT = "dwarf-with-dsym";
				ENABLE_NS_ASSERTIONS = NO;
				ENABLE_STRICT_OBJC_MSGSEND = YES;
				GCC_C_LANGUAGE_STANDARD = gnu99;
				GCC_NO_COMMON_BLOCKS = YES;
				GCC_WARN_64_TO_32_BIT_CONVERSION = YES;
				GCC_WARN_ABOUT_RETURN_TYPE = YES_ERROR;
				GCC_WARN_UNDECLARED_SELECTOR = YES;
				GCC_WARN_UNINITIALIZED_AUTOS = YES_AGGRESSIVE;
				GCC_WARN_UNUSED_FUNCTION = YES;
				GCC_WARN_UNUSED_VARIABLE = YES;
				IPHONEOS_DEPLOYMENT_TARGET = 10.2;
				MTL_ENABLE_DEBUG_INFO = NO;
				SDKROOT = iphoneos;
				VALIDATE_PRODUCT = YES;
			};
			name = Release;
		};
		195361C51F14AECD008B203E /* Debug */ = {
			isa = XCBuildConfiguration;
			baseConfigurationReference = A3542A5641C8A1A23C9934E1 /* Pods-WVRMediator.debug.xcconfig */;
			buildSettings = {
				ASSETCATALOG_COMPILER_APPICON_NAME = AppIcon;
				DEVELOPMENT_TEAM = L6EYUBTRJ5;
				INFOPLIST_FILE = WVRMediator/Info.plist;
				LD_RUNPATH_SEARCH_PATHS = "$(inherited) @executable_path/Frameworks";
				PRODUCT_BUNDLE_IDENTIFIER = com.snailvr.WVRMediator;
				PRODUCT_NAME = "$(TARGET_NAME)";
			};
			name = Debug;
		};
		195361C61F14AECD008B203E /* Release */ = {
			isa = XCBuildConfiguration;
			baseConfigurationReference = DD748AD89AF44DDCD06A2F7D /* Pods-WVRMediator.release.xcconfig */;
			buildSettings = {
				ASSETCATALOG_COMPILER_APPICON_NAME = AppIcon;
				DEVELOPMENT_TEAM = L6EYUBTRJ5;
				INFOPLIST_FILE = WVRMediator/Info.plist;
				LD_RUNPATH_SEARCH_PATHS = "$(inherited) @executable_path/Frameworks";
				PRODUCT_BUNDLE_IDENTIFIER = com.snailvr.WVRMediator;
				PRODUCT_NAME = "$(TARGET_NAME)";
			};
			name = Release;
		};
		195361C81F14AECD008B203E /* Debug */ = {
			isa = XCBuildConfiguration;
			buildSettings = {
				BUNDLE_LOADER = "$(TEST_HOST)";
				DEVELOPMENT_TEAM = L6EYUBTRJ5;
				INFOPLIST_FILE = WVRMediatorTests/Info.plist;
				LD_RUNPATH_SEARCH_PATHS = "$(inherited) @executable_path/Frameworks @loader_path/Frameworks";
				PRODUCT_BUNDLE_IDENTIFIER = com.snailvr.WVRMediatorTests;
				PRODUCT_NAME = "$(TARGET_NAME)";
				TEST_HOST = "$(BUILT_PRODUCTS_DIR)/WVRMediator.app/WVRMediator";
			};
			name = Debug;
		};
		195361C91F14AECD008B203E /* Release */ = {
			isa = XCBuildConfiguration;
			buildSettings = {
				BUNDLE_LOADER = "$(TEST_HOST)";
				DEVELOPMENT_TEAM = L6EYUBTRJ5;
				INFOPLIST_FILE = WVRMediatorTests/Info.plist;
				LD_RUNPATH_SEARCH_PATHS = "$(inherited) @executable_path/Frameworks @loader_path/Frameworks";
				PRODUCT_BUNDLE_IDENTIFIER = com.snailvr.WVRMediatorTests;
				PRODUCT_NAME = "$(TARGET_NAME)";
				TEST_HOST = "$(BUILT_PRODUCTS_DIR)/WVRMediator.app/WVRMediator";
			};
			name = Release;
		};
		195361CB1F14AECD008B203E /* Debug */ = {
			isa = XCBuildConfiguration;
			buildSettings = {
				DEVELOPMENT_TEAM = L6EYUBTRJ5;
				INFOPLIST_FILE = WVRMediatorUITests/Info.plist;
				LD_RUNPATH_SEARCH_PATHS = "$(inherited) @executable_path/Frameworks @loader_path/Frameworks";
				PRODUCT_BUNDLE_IDENTIFIER = com.snailvr.WVRMediatorUITests;
				PRODUCT_NAME = "$(TARGET_NAME)";
				TEST_TARGET_NAME = WVRMediator;
			};
			name = Debug;
		};
		195361CC1F14AECD008B203E /* Release */ = {
			isa = XCBuildConfiguration;
			buildSettings = {
				DEVELOPMENT_TEAM = L6EYUBTRJ5;
				INFOPLIST_FILE = WVRMediatorUITests/Info.plist;
				LD_RUNPATH_SEARCH_PATHS = "$(inherited) @executable_path/Frameworks @loader_path/Frameworks";
				PRODUCT_BUNDLE_IDENTIFIER = com.snailvr.WVRMediatorUITests;
				PRODUCT_NAME = "$(TARGET_NAME)";
				TEST_TARGET_NAME = WVRMediator;
			};
			name = Release;
		};
/* End XCBuildConfiguration section */

/* Begin XCConfigurationList section */
		1953618F1F14AECD008B203E /* Build configuration list for PBXProject "WVRMediator" */ = {
			isa = XCConfigurationList;
			buildConfigurations = (
				195361C21F14AECD008B203E /* Debug */,
				195361C31F14AECD008B203E /* Release */,
			);
			defaultConfigurationIsVisible = 0;
			defaultConfigurationName = Release;
		};
		195361C41F14AECD008B203E /* Build configuration list for PBXNativeTarget "WVRMediator" */ = {
			isa = XCConfigurationList;
			buildConfigurations = (
				195361C51F14AECD008B203E /* Debug */,
				195361C61F14AECD008B203E /* Release */,
			);
			defaultConfigurationIsVisible = 0;
			defaultConfigurationName = Release;
		};
		195361C71F14AECD008B203E /* Build configuration list for PBXNativeTarget "WVRMediatorTests" */ = {
			isa = XCConfigurationList;
			buildConfigurations = (
				195361C81F14AECD008B203E /* Debug */,
				195361C91F14AECD008B203E /* Release */,
			);
			defaultConfigurationIsVisible = 0;
			defaultConfigurationName = Release;
		};
		195361CA1F14AECD008B203E /* Build configuration list for PBXNativeTarget "WVRMediatorUITests" */ = {
			isa = XCConfigurationList;
			buildConfigurations = (
				195361CB1F14AECD008B203E /* Debug */,
				195361CC1F14AECD008B203E /* Release */,
			);
			defaultConfigurationIsVisible = 0;
			defaultConfigurationName = Release;
		};
/* End XCConfigurationList section */

/* Begin XCVersionGroup section */
		195361A31F14AECD008B203E /* WVRMediator.xcdatamodeld */ = {
			isa = XCVersionGroup;
			children = (
				195361A41F14AECD008B203E /* WVRMediator.xcdatamodel */,
			);
			currentVersion = 195361A41F14AECD008B203E /* WVRMediator.xcdatamodel */;
			path = WVRMediator.xcdatamodeld;
			sourceTree = "<group>";
			versionGroupType = wrapper.xcdatamodel;
		};
/* End XCVersionGroup section */
	};
	rootObject = 1953618C1F14AECD008B203E /* Project object */;
}
